
Microsoft Visual Studio Solution File, Format Version 12.00
Project("{FAE04EC0-301F-11D3-BF4B-00C04F79EFBC}") = "ConsoleChapter1", "ConsoleChapter1\ConsoleChapter1.csproj", "{E6D1EB7C-1B0C-44E8-B3B1-1606C5F3A33A}"
EndProject
Project("{FAE04EC0-301F-11D3-BF4B-00C04F79EFBC}") = "Nortwind.Console.SqlClient", "Chapter02\Nortwind.Console.SqlClient\Nortwind.Console.SqlClient.csproj", "{111B1871-B4C4-4DA3-8D97-A787150A284C}"
EndProject
Project("{FAE04EC0-301F-11D3-BF4B-00C04F79EFBC}") = "Norwind.Console.EFCore", "Norwind.Console.EFCore\Norwind.Console.EFCore.csproj", "{F50133F6-2192-4600-8FA5-D0B0C9A60B00}"
EndProject
Project("{FAE04EC0-301F-11D3-BF4B-00C04F79EFBC}") = "Northwind.Console.HierarchyMapping", "Northwind.Console.HierarchyMapping\Northwind.Console.HierarchyMapping.csproj", "{8FFC3916-CDF4-44E0-9F49-A58945F1DDB5}"
EndProject
Project("{2150E333-8FDC-42A3-9474-1A3956D46DE8}") = "Chapter02", "Chapter02", "{220083C8-CB47-4E28-B721-C69A659269D8}"
EndProject
Project("{2150E333-8FDC-42A3-9474-1A3956D46DE8}") = "Chapter01", "Chapter01", "{DF964075-E416-45CA-ACE1-1ADB0E90961D}"
EndProject
Project("{FAE04EC0-301F-11D3-BF4B-00C04F79EFBC}") = "Northwind.Common.EntityModels.SqlServer", "Chapter02\Northwind.Common.EntityModels.SqlServer\Northwind.Common.EntityModels.SqlServer.csproj", "{C2960CF9-745C-4C56-98ED-E7BB39EA8543}"
EndProject
Project("{FAE04EC0-301F-11D3-BF4B-00C04F79EFBC}") = "Northwind.Common.DataContext.SqlServer", "Chapter02\Northwind.Common.DataContext.SqlServer\Northwind.Common.DataContext.SqlServer.csproj", "{AD41BFF2-827F-4D71-9B1C-32829699BB06}"
EndProject
Project("{FAE04EC0-301F-11D3-BF4B-00C04F79EFBC}") = "Northwind.Common.EntityModels.Tests", "Chapter02\Northwind.Common.EntityModels.Tests\Northwind.Common.EntityModels.Tests.csproj", "{7A79CD20-A1AD-4F0D-86B0-68AB15DAB09B}"
EndProject
Project("{2150E333-8FDC-42A3-9474-1A3956D46DE8}") = "Chapter03", "Chapter03", "{87DC2743-0CFF-4C4E-919C-D162ED855A12}"
EndProject
Project("{FAE04EC0-301F-11D3-BF4B-00C04F79EFBC}") = "Northwind.CosmosDb.SqlApi", "Chapter03\Northwind.CosmosDb.SqlApi\Northwind.CosmosDb.SqlApi.csproj", "{6B9B6B1F-B897-47FF-A905-5792E2B75968}"
EndProject
Project("{2150E333-8FDC-42A3-9474-1A3956D46DE8}") = "Chapter04", "Chapter04", "{4D36A84C-367F-4BAF-91DA-9B09F6D0A1D0}"
EndProject
Project("{FAE04EC0-301F-11D3-BF4B-00C04F79EFBC}") = "MonitoringLib", "Chapter04\MonitoringLib\MonitoringLib.csproj", "{1B655116-1984-41D0-A7FD-7E3911D98E63}"
EndProject
Project("{FAE04EC0-301F-11D3-BF4B-00C04F79EFBC}") = "MonitoringApp", "Chapter04\MonitoringApp\MonitoringApp.csproj", "{E7C1E81C-6D24-4510-B463-CD5C4AD1AE93}"
EndProject
Project("{FAE04EC0-301F-11D3-BF4B-00C04F79EFBC}") = "Benchmarking", "Chapter04\Benchmarking\Benchmarking.csproj", "{C6C7A3BE-B101-427C-B99B-7DF27420A22D}"
EndProject
Project("{FAE04EC0-301F-11D3-BF4B-00C04F79EFBC}") = "WorkingWithTasks", "Chapter04\WorkingWithTasks\WorkingWithTasks.csproj", "{7535509B-1608-48C5-B21A-E3E938584AC5}"
EndProject
Project("{2150E333-8FDC-42A3-9474-1A3956D46DE8}") = "Chapter05", "Chapter05", "{66EBB4C6-1E9E-4BBD-8A8D-639B0D32F029}"
EndProject
Project("{FAE04EC0-301F-11D3-BF4B-00C04F79EFBC}") = "FluentTests", "Chapter05\FluentTests\FluentTests.csproj", "{76BEA33A-0FA8-429C-991A-68A63B04A00D}"
EndProject
Project("{FAE04EC0-301F-11D3-BF4B-00C04F79EFBC}") = "FluentValidation.Models", "Chapter05\FluentValidation.Models\FluentValidation.Models.csproj", "{8454D2AC-6E4D-4D16-B3E7-5E5536D51EDA}"
EndProject
Project("{FAE04EC0-301F-11D3-BF4B-00C04F79EFBC}") = "FluentValidation.Validators", "Chapter05\FluentValidation.Validators\FluentValidation.Validators.csproj", "{6E2AF4F4-A65B-4EF9-AAB9-AB7A25FC7F8C}"
EndProject
Project("{FAE04EC0-301F-11D3-BF4B-00C04F79EFBC}") = "FluentValidation.App", "Chapter05\FluentValidation.App\FluentValidation.App.csproj", "{D220169A-C94F-4C34-B6E4-6E8EC74597B8}"
EndProject
Project("{FAE04EC0-301F-11D3-BF4B-00C04F79EFBC}") = "SynchronizingResourceAccess", "Chapter04\SynchronizingResourceAccess\SynchronizingResourceAccess.csproj", "{AA00C284-BC13-4B12-81E1-528AD15ABB35}"
EndProject
Project("{FAE04EC0-301F-11D3-BF4B-00C04F79EFBC}") = "AsyncConsole", "Chapter04\AsyncConsole\AsyncConsole.csproj", "{8F8E8468-07FC-443C-9931-2A0F62AC7CFD}"
EndProject
Project("{FAE04EC0-301F-11D3-BF4B-00C04F79EFBC}") = "AsyncEnumerable", "Chapter04\AsyncEnumerable\AsyncEnumerable.csproj", "{C0AFA351-D2B1-45AE-912E-55405148F793}"
EndProject
Project("{FAE04EC0-301F-11D3-BF4B-00C04F79EFBC}") = "WpfResponsive", "Chapter04\WpfResponsive\WpfResponsive.csproj", "{BAB1460A-C9B5-4F37-852D-6295AE434613}"
EndProject
Project("{FAE04EC0-301F-11D3-BF4B-00C04F79EFBC}") = "WorkingWithImages", "Chapter05\WorkingWithImages\WorkingWithImages.csproj", "{4B6E7A15-F4B4-4FCE-A91A-96D47D011388}"
EndProject
Project("{FAE04EC0-301F-11D3-BF4B-00C04F79EFBC}") = "Serilogging", "Chapter05\Serilogging\Serilogging.csproj", "{A54AE5EA-E09C-4D2E-BB36-48757FA93702}"
EndProject
Project("{FAE04EC0-301F-11D3-BF4B-00C04F79EFBC}") = "MappingObjects.Models", "Chapter05\MappingObjects.Models\MappingObjects.Models.csproj", "{CC988124-5861-46A8-AEB5-8D591FDE2FE6}"
EndProject
Project("{FAE04EC0-301F-11D3-BF4B-00C04F79EFBC}") = "MappingObjects.Mappers", "Chapter05\MappingObjects.Mappers\MappingObjects.Mappers.csproj", "{295CB089-916E-46DC-A4B4-3FA3BB1FF731}"
EndProject
Project("{FAE04EC0-301F-11D3-BF4B-00C04F79EFBC}") = "MappingObjects.Tests", "Chapter05\MappingObjects.Tests\MappingObjects.Tests.csproj", "{B4AFBF8D-FA78-446B-9808-94F218CBC203}"
EndProject
Project("{FAE04EC0-301F-11D3-BF4B-00C04F79EFBC}") = "MappingObjects", "Chapter05\MappingObjects\MappingObjects.csproj", "{CD9406C7-CD5C-4009-AA95-70D1B72517BC}"
EndProject
Project("{FAE04EC0-301F-11D3-BF4B-00C04F79EFBC}") = "GeneratingPdf.Models", "Chapter05\GeneratingPdf.Models\GeneratingPdf.Models.csproj", "{4477E646-9763-459C-BFE1-E993744DD798}"
EndProject
Project("{FAE04EC0-301F-11D3-BF4B-00C04F79EFBC}") = "GeneratingPdf.Document", "Chapter05\GeneratingPdf.Document\GeneratingPdf.Document.csproj", "{AEB3B582-10EB-4444-90C2-5F1367265D7C}"
EndProject
Project("{FAE04EC0-301F-11D3-BF4B-00C04F79EFBC}") = "GeneratingPdf.App", "Chapter05\GeneratingPdf.App\GeneratingPdf.App.csproj", "{0B408AE2-16B5-4D98-A3C9-5689C1C00744}"
EndProject
Project("{2150E333-8FDC-42A3-9474-1A3956D46DE8}") = "Chapter06", "Chapter06", "{7D00AACF-CF67-4A65-83C4-0646E67D7562}"
EndProject
Project("{FAE04EC0-301F-11D3-BF4B-00C04F79EFBC}") = "WorkingWithReflection", "Chapter06\WorkingWithReflection\WorkingWithReflection.csproj", "{78574C37-2509-4C85-BD3F-9BAF85AEF449}"
EndProject
Project("{2150E333-8FDC-42A3-9474-1A3956D46DE8}") = "Chapter07", "Chapter07", "{44AEAA0A-A95C-41C3-8CE2-574CDE1486AC}"
EndProject
Project("{FAE04EC0-301F-11D3-BF4B-00C04F79EFBC}") = "WorkingWithTime", "Chapter07\WorkingWithTime\WorkingWithTime.csproj", "{714E93ED-CA44-4CB4-92F7-A1E6F39CB49B}"
EndProject
Project("{FAE04EC0-301F-11D3-BF4B-00C04F79EFBC}") = "WorkingWithTimeZones", "Chapter07\WorkingWithTimeZones\WorkingWithTimeZones.csproj", "{F8E5048A-B56E-4F21-8263-A7DF3AA90E50}"
EndProject
Project("{FAE04EC0-301F-11D3-BF4B-00C04F79EFBC}") = "WorkingWithCulture", "Chapter07\WorkingWithCulture\WorkingWithCulture.csproj", "{329F8C07-E096-43DA-B671-13A0A81EE27A}"
EndProject
Project("{FAE04EC0-301F-11D3-BF4B-00C04F79EFBC}") = "DynamicLoadAndExecute.Library", "Chapter06\DynamicLoadAndExecute.Library\DynamicLoadAndExecute.Library.csproj", "{240AE0DA-35A0-426E-9525-E47CE3516783}"
EndProject
Project("{FAE04EC0-301F-11D3-BF4B-00C04F79EFBC}") = "DynamicLoadAndExecute.Console", "Chapter06\DynamicLoadAndExecute.Console\DynamicLoadAndExecute.Console.csproj", "{B31609C0-3241-4143-8E86-68C3AFF6DC06}"
EndProject
Project("{FAE04EC0-301F-11D3-BF4B-00C04F79EFBC}") = "WorkingWithExpressionTrees", "Chapter06\WorkingWithExpressionTrees\WorkingWithExpressionTrees.csproj", "{41595B39-E7FB-4434-9EDC-83DD0E201354}"
EndProject
Project("{FAE04EC0-301F-11D3-BF4B-00C04F79EFBC}") = "GeneratingCodeApp", "Chapter06\GeneratingCodeApp\GeneratingCodeApp.csproj", "{BA50C10E-0535-4C71-8A31-433602CCC17F}"
EndProject
Project("{FAE04EC0-301F-11D3-BF4B-00C04F79EFBC}") = "GeneratingCodeLib", "Chapter06\GeneratingCodeLib\GeneratingCodeLib.csproj", "{86B8EE8B-593C-4440-A7F0-FE3306910787}"
EndProject
Project("{2150E333-8FDC-42A3-9474-1A3956D46DE8}") = "Chapter08", "Chapter08", "{AB4309EE-CE93-444C-B414-8F8E8C0F5DAF}"
EndProject
Project("{FAE04EC0-301F-11D3-BF4B-00C04F79EFBC}") = "EncryptionApp", "Chapter08\EncryptionApp\EncryptionApp.csproj", "{222193C5-4467-4F2A-B3BF-C617D154D7BC}"
EndProject
Project("{2150E333-8FDC-42A3-9474-1A3956D46DE8}") = "Chapter99", "Chapter99", "{645A1C53-D62B-4918-99A4-A856ECB90FAE}"
EndProject
Project("{FAE04EC0-301F-11D3-BF4B-00C04F79EFBC}") = "SimpleChatWithOpenAI", "Chapter99\SimpleChatWithOpenAI\SimpleChatWithOpenAI.csproj", "{902C0FDD-DA55-409E-87E1-48D52C354DDE}"
EndProject
Project("{FAE04EC0-301F-11D3-BF4B-00C04F79EFBC}") = "CryptographyLib", "Chapter08\CryptographyLib\CryptographyLib.csproj", "{647C7095-E684-4399-B062-0DCB7BD27C23}"
EndProject
Project("{FAE04EC0-301F-11D3-BF4B-00C04F79EFBC}") = "HashingApp", "Chapter08\HashingApp\HashingApp.csproj", "{E904247F-D807-4241-A5BA-D460A764D8CD}"
EndProject
Project("{FAE04EC0-301F-11D3-BF4B-00C04F79EFBC}") = "SigningApp", "Chapter08\SigningApp\SigningApp.csproj", "{D885658D-CDDA-4E83-95FA-BD160AB73DB5}"
EndProject
Project("{FAE04EC0-301F-11D3-BF4B-00C04F79EFBC}") = "RandomizingApp", "Chapter08\RandomizingApp\RandomizingApp.csproj", "{DA0DCB84-FA66-426C-81A1-23DE3F2C5A2D}"
EndProject
Project("{FAE04EC0-301F-11D3-BF4B-00C04F79EFBC}") = "SecureApp", "Chapter08\SecureApp\SecureApp.csproj", "{012A2941-FBA3-453D-AFEF-3EBEEAECE94F}"
EndProject
Project("{2150E333-8FDC-42A3-9474-1A3956D46DE8}") = "Chapter09", "Chapter09", "{18DD54AA-7BF5-48B9-A5CA-15CF6054EE9E}"
EndProject
Project("{FAE04EC0-301F-11D3-BF4B-00C04F79EFBC}") = "Northwind.WebApi.Service", "Chapter09\Northwind.WebApi.Service\Northwind.WebApi.Service.csproj", "{92E941B2-A27B-4106-A400-BFA7D193FCE5}"
EndProject
Project("{FAE04EC0-301F-11D3-BF4B-00C04F79EFBC}") = "Northwind.WebApi.Client.Mvc", "Chapter09\Northwind.WebApi.Client.Mvc\Northwind.WebApi.Client.Mvc.csproj", "{40CD97E4-AC0E-445F-98F0-B9545FD3612F}"
EndProject
Project("{FAE04EC0-301F-11D3-BF4B-00C04F79EFBC}") = "Northwind.WebApi.Client.Console", "Chapter09\Northwind.WebApi.Client.Console\Northwind.WebApi.Client.Console.csproj", "{E2CBCD00-3A90-41BE-8563-C31CB7F8ED99}"
EndProject
Project("{2150E333-8FDC-42A3-9474-1A3956D46DE8}") = "Chapter10", "Chapter10", "{271B5338-0205-4408-87F8-D0F3E2B76FB7}"
EndProject
Project("{FAE04EC0-301F-11D3-BF4B-00C04F79EFBC}") = "Northwind.Odata.Service", "Chapter10\Northwind.Odata.Service\Northwind.Odata.Service.csproj", "{52D7E4E7-5550-4202-8A72-563196F9B9D0}"
EndProject
Project("{FAE04EC0-301F-11D3-BF4B-00C04F79EFBC}") = "TestingOOP", "Chapter99\TestingOOP\TestingOOP.csproj", "{204C60F0-3B23-4FB5-8669-338E3E5702CC}"
EndProject
Project("{FAE04EC0-301F-11D3-BF4B-00C04F79EFBC}") = "Northwind.OData.Client.Mvc", "Chapter10\Northwind.OData.Client.Mvc\Northwind.OData.Client.Mvc.csproj", "{F106C0D5-374B-4328-8CED-E9B5E6A0F8C6}"
EndProject
Project("{FAE04EC0-301F-11D3-BF4B-00C04F79EFBC}") = "Linq.Basics", "Chapter99\Linq.Basics\Linq.Basics.csproj", "{23A6E125-3DC5-457F-8980-0DF062C4D3CD}"
EndProject
Project("{2150E333-8FDC-42A3-9474-1A3956D46DE8}") = "Chapter11", "Chapter11", "{A209C05D-2EAD-48B3-A113-7D5D425A60F5}"
EndProject
Project("{FAE04EC0-301F-11D3-BF4B-00C04F79EFBC}") = "Northwind.GraphQL", "Chapter11\Northwind.GraphQL\Northwind.GraphQL.csproj", "{FC302974-06BA-4E2B-B125-E4462DEA78B8}"
EndProject
Project("{FAE04EC0-301F-11D3-BF4B-00C04F79EFBC}") = "ManhattanDistanceKata", "Chapter99\ManhattanDistanceKata\ManhattanDistanceKata.csproj", "{97015B08-EC42-4044-87A6-3E8FDEB44D55}"
EndProject
Project("{FAE04EC0-301F-11D3-BF4B-00C04F79EFBC}") = "Linq.SelectMany", "Chapter99\Linq.SelectMany\Linq.SelectMany.csproj", "{C7C5C452-7A16-4144-B97F-BA2FEE6461E0}"
EndProject
Project("{FAE04EC0-301F-11D3-BF4B-00C04F79EFBC}") = "TestingBoxingUnboxing", "Chapter99\TestingBoxingUnboxing\TestingBoxingUnboxing.csproj", "{4E01865F-4222-4B39-99C9-7CCA10C771DD}"
EndProject
Project("{FAE04EC0-301F-11D3-BF4B-00C04F79EFBC}") = "Northwind.Mvc.GraphQLClient", "Chapter11\Northwind.Mvc.GraphQLClient\Northwind.Mvc.GraphQLClient.csproj", "{5E7B764B-3BDA-468B-B350-C11CED8DBC96}"
EndProject
Project("{FAE04EC0-301F-11D3-BF4B-00C04F79EFBC}") = "Northwind.GraphQL.Client.Console", "Chapter11\Northwind.GraphQL.Client.Console\Northwind.GraphQL.Client.Console.csproj", "{D71DDEF8-8A51-4817-A2E0-E49AFD50A881}"
EndProject
Project("{2150E333-8FDC-42A3-9474-1A3956D46DE8}") = "Chapter12", "Chapter12", "{9C48927B-F366-4D99-85AB-AB03B630AE1B}"
EndProject
Project("{FAE04EC0-301F-11D3-BF4B-00C04F79EFBC}") = "Northwind.Grpc.Service", "Chapter12\Northwind.Grpc.Service\Northwind.Grpc.Service.csproj", "{A3E1DFA3-65DF-4555-89CD-7CE993F49562}"
EndProject
Project("{FAE04EC0-301F-11D3-BF4B-00C04F79EFBC}") = "Northwind.Grpc.Client.Mvc", "Chapter12\Northwind.Grpc.Client.Mvc\Northwind.Grpc.Client.Mvc.csproj", "{31A74047-4064-4244-AF0A-91BC42F52264}"
EndProject
Project("{2150E333-8FDC-42A3-9474-1A3956D46DE8}") = "Chapter13", "Chapter13", "{11BFD0C2-B714-4877-B6B3-0F72AADE5FD0}"
EndProject
Project("{FAE04EC0-301F-11D3-BF4B-00C04F79EFBC}") = "Northwind.Common", "Chapter13\Northwind.Common\Northwind.Common.csproj", "{689FBF00-390E-4F87-9778-4E936C9B2ED2}"
EndProject
Project("{FAE04EC0-301F-11D3-BF4B-00C04F79EFBC}") = "Northwind.SignalR.Service.Client.Mvc", "Chapter13\Northwind.SignalR.Service.Client.Mvc\Northwind.SignalR.Service.Client.Mvc.csproj", "{20CC373E-9799-4C9D-BBC7-F616A34D3C93}"
EndProject
Project("{FAE04EC0-301F-11D3-BF4B-00C04F79EFBC}") = "Switch.Using.Guids", "Chapter99\Switch.Using.Guids\Switch.Using.Guids.csproj", "{7D5E1514-08B6-45F4-89A7-BD24C9535020}"
EndProject
Project("{FAE04EC0-301F-11D3-BF4B-00C04F79EFBC}") = "SpecFlowCalculator", "Chapter99\SpecFlowCalculator\SpecFlowCalculator.csproj", "{E0826B99-3CC0-4C7F-980F-8E5CA0BC9147}"
EndProject
Project("{FAE04EC0-301F-11D3-BF4B-00C04F79EFBC}") = "SpecFLowCalculator.Specs", "Chapter99\SpecFLowCalculator.Specs\SpecFLowCalculator.Specs.csproj", "{7B646AE7-78C5-4A46-AD40-8D6EC251212A}"
EndProject
Global
	GlobalSection(SolutionConfigurationPlatforms) = preSolution
		Debug|Any CPU = Debug|Any CPU
		Release|Any CPU = Release|Any CPU
	EndGlobalSection
	GlobalSection(ProjectConfigurationPlatforms) = postSolution
		{E6D1EB7C-1B0C-44E8-B3B1-1606C5F3A33A}.Debug|Any CPU.ActiveCfg = Debug|Any CPU
		{E6D1EB7C-1B0C-44E8-B3B1-1606C5F3A33A}.Debug|Any CPU.Build.0 = Debug|Any CPU
		{E6D1EB7C-1B0C-44E8-B3B1-1606C5F3A33A}.Release|Any CPU.ActiveCfg = Release|Any CPU
		{E6D1EB7C-1B0C-44E8-B3B1-1606C5F3A33A}.Release|Any CPU.Build.0 = Release|Any CPU
		{111B1871-B4C4-4DA3-8D97-A787150A284C}.Debug|Any CPU.ActiveCfg = Debug|Any CPU
		{111B1871-B4C4-4DA3-8D97-A787150A284C}.Debug|Any CPU.Build.0 = Debug|Any CPU
		{111B1871-B4C4-4DA3-8D97-A787150A284C}.Release|Any CPU.ActiveCfg = Release|Any CPU
		{111B1871-B4C4-4DA3-8D97-A787150A284C}.Release|Any CPU.Build.0 = Release|Any CPU
		{F50133F6-2192-4600-8FA5-D0B0C9A60B00}.Debug|Any CPU.ActiveCfg = Debug|Any CPU
		{F50133F6-2192-4600-8FA5-D0B0C9A60B00}.Debug|Any CPU.Build.0 = Debug|Any CPU
		{F50133F6-2192-4600-8FA5-D0B0C9A60B00}.Release|Any CPU.ActiveCfg = Release|Any CPU
		{F50133F6-2192-4600-8FA5-D0B0C9A60B00}.Release|Any CPU.Build.0 = Release|Any CPU
		{8FFC3916-CDF4-44E0-9F49-A58945F1DDB5}.Debug|Any CPU.ActiveCfg = Debug|Any CPU
		{8FFC3916-CDF4-44E0-9F49-A58945F1DDB5}.Debug|Any CPU.Build.0 = Debug|Any CPU
		{8FFC3916-CDF4-44E0-9F49-A58945F1DDB5}.Release|Any CPU.ActiveCfg = Release|Any CPU
		{8FFC3916-CDF4-44E0-9F49-A58945F1DDB5}.Release|Any CPU.Build.0 = Release|Any CPU
		{C2960CF9-745C-4C56-98ED-E7BB39EA8543}.Debug|Any CPU.ActiveCfg = Debug|Any CPU
		{C2960CF9-745C-4C56-98ED-E7BB39EA8543}.Debug|Any CPU.Build.0 = Debug|Any CPU
		{C2960CF9-745C-4C56-98ED-E7BB39EA8543}.Release|Any CPU.ActiveCfg = Release|Any CPU
		{C2960CF9-745C-4C56-98ED-E7BB39EA8543}.Release|Any CPU.Build.0 = Release|Any CPU
		{AD41BFF2-827F-4D71-9B1C-32829699BB06}.Debug|Any CPU.ActiveCfg = Debug|Any CPU
		{AD41BFF2-827F-4D71-9B1C-32829699BB06}.Debug|Any CPU.Build.0 = Debug|Any CPU
		{AD41BFF2-827F-4D71-9B1C-32829699BB06}.Release|Any CPU.ActiveCfg = Release|Any CPU
		{AD41BFF2-827F-4D71-9B1C-32829699BB06}.Release|Any CPU.Build.0 = Release|Any CPU
		{7A79CD20-A1AD-4F0D-86B0-68AB15DAB09B}.Debug|Any CPU.ActiveCfg = Debug|Any CPU
		{7A79CD20-A1AD-4F0D-86B0-68AB15DAB09B}.Debug|Any CPU.Build.0 = Debug|Any CPU
		{7A79CD20-A1AD-4F0D-86B0-68AB15DAB09B}.Release|Any CPU.ActiveCfg = Release|Any CPU
		{7A79CD20-A1AD-4F0D-86B0-68AB15DAB09B}.Release|Any CPU.Build.0 = Release|Any CPU
		{6B9B6B1F-B897-47FF-A905-5792E2B75968}.Debug|Any CPU.ActiveCfg = Debug|Any CPU
										{6B9B6B1F-B897-47FF-A905-5792E2B75968}.Debug|Any CPU.Build.0 = Debug|Any CPU
										{6B9B6B1F-B897-47FF-A905-5792E2B75968}.Release|Any CPU.ActiveCfg = Release|Any CPU
										{6B9B6B1F-B897-47FF-A905-5792E2B75968}.Release|Any CPU.Build.0 = Release|Any CPU
		{1B655116-1984-41D0-A7FD-7E3911D98E63}.Debug|Any CPU.ActiveCfg = Debug|Any CPU
		{1B655116-1984-41D0-A7FD-7E3911D98E63}.Debug|Any CPU.Build.0 = Debug|Any CPU
		{1B655116-1984-41D0-A7FD-7E3911D98E63}.Release|Any CPU.ActiveCfg = Release|Any CPU
		{1B655116-1984-41D0-A7FD-7E3911D98E63}.Release|Any CPU.Build.0 = Release|Any CPU
		{E7C1E81C-6D24-4510-B463-CD5C4AD1AE93}.Debug|Any CPU.ActiveCfg = Debug|Any CPU
		{E7C1E81C-6D24-4510-B463-CD5C4AD1AE93}.Debug|Any CPU.Build.0 = Debug|Any CPU
		{E7C1E81C-6D24-4510-B463-CD5C4AD1AE93}.Release|Any CPU.ActiveCfg = Release|Any CPU
		{E7C1E81C-6D24-4510-B463-CD5C4AD1AE93}.Release|Any CPU.Build.0 = Release|Any CPU
		{C6C7A3BE-B101-427C-B99B-7DF27420A22D}.Debug|Any CPU.ActiveCfg = Debug|Any CPU
		{C6C7A3BE-B101-427C-B99B-7DF27420A22D}.Debug|Any CPU.Build.0 = Debug|Any CPU
		{C6C7A3BE-B101-427C-B99B-7DF27420A22D}.Release|Any CPU.ActiveCfg = Release|Any CPU
		{C6C7A3BE-B101-427C-B99B-7DF27420A22D}.Release|Any CPU.Build.0 = Release|Any CPU
		{7535509B-1608-48C5-B21A-E3E938584AC5}.Debug|Any CPU.ActiveCfg = Debug|Any CPU
		{7535509B-1608-48C5-B21A-E3E938584AC5}.Debug|Any CPU.Build.0 = Debug|Any CPU
		{7535509B-1608-48C5-B21A-E3E938584AC5}.Release|Any CPU.ActiveCfg = Release|Any CPU
		{7535509B-1608-48C5-B21A-E3E938584AC5}.Release|Any CPU.Build.0 = Release|Any CPU
		{76BEA33A-0FA8-429C-991A-68A63B04A00D}.Debug|Any CPU.ActiveCfg = Debug|Any CPU
		{76BEA33A-0FA8-429C-991A-68A63B04A00D}.Debug|Any CPU.Build.0 = Debug|Any CPU
		{76BEA33A-0FA8-429C-991A-68A63B04A00D}.Release|Any CPU.ActiveCfg = Release|Any CPU
		{76BEA33A-0FA8-429C-991A-68A63B04A00D}.Release|Any CPU.Build.0 = Release|Any CPU
		{8454D2AC-6E4D-4D16-B3E7-5E5536D51EDA}.Debug|Any CPU.ActiveCfg = Debug|Any CPU
		{8454D2AC-6E4D-4D16-B3E7-5E5536D51EDA}.Debug|Any CPU.Build.0 = Debug|Any CPU
		{8454D2AC-6E4D-4D16-B3E7-5E5536D51EDA}.Release|Any CPU.ActiveCfg = Release|Any CPU
		{8454D2AC-6E4D-4D16-B3E7-5E5536D51EDA}.Release|Any CPU.Build.0 = Release|Any CPU
		{6E2AF4F4-A65B-4EF9-AAB9-AB7A25FC7F8C}.Debug|Any CPU.ActiveCfg = Debug|Any CPU
		{6E2AF4F4-A65B-4EF9-AAB9-AB7A25FC7F8C}.Debug|Any CPU.Build.0 = Debug|Any CPU
		{6E2AF4F4-A65B-4EF9-AAB9-AB7A25FC7F8C}.Release|Any CPU.ActiveCfg = Release|Any CPU
		{6E2AF4F4-A65B-4EF9-AAB9-AB7A25FC7F8C}.Release|Any CPU.Build.0 = Release|Any CPU
		{D220169A-C94F-4C34-B6E4-6E8EC74597B8}.Debug|Any CPU.ActiveCfg = Debug|Any CPU
		{D220169A-C94F-4C34-B6E4-6E8EC74597B8}.Debug|Any CPU.Build.0 = Debug|Any CPU
		{D220169A-C94F-4C34-B6E4-6E8EC74597B8}.Release|Any CPU.ActiveCfg = Release|Any CPU
		{D220169A-C94F-4C34-B6E4-6E8EC74597B8}.Release|Any CPU.Build.0 = Release|Any CPU
		{AA00C284-BC13-4B12-81E1-528AD15ABB35}.Debug|Any CPU.ActiveCfg = Debug|Any CPU
		{AA00C284-BC13-4B12-81E1-528AD15ABB35}.Debug|Any CPU.Build.0 = Debug|Any CPU
		{AA00C284-BC13-4B12-81E1-528AD15ABB35}.Release|Any CPU.ActiveCfg = Release|Any CPU
		{AA00C284-BC13-4B12-81E1-528AD15ABB35}.Release|Any CPU.Build.0 = Release|Any CPU
		{8F8E8468-07FC-443C-9931-2A0F62AC7CFD}.Debug|Any CPU.ActiveCfg = Debug|Any CPU
		{8F8E8468-07FC-443C-9931-2A0F62AC7CFD}.Debug|Any CPU.Build.0 = Debug|Any CPU
		{8F8E8468-07FC-443C-9931-2A0F62AC7CFD}.Release|Any CPU.ActiveCfg = Release|Any CPU
		{8F8E8468-07FC-443C-9931-2A0F62AC7CFD}.Release|Any CPU.Build.0 = Release|Any CPU
		{C0AFA351-D2B1-45AE-912E-55405148F793}.Debug|Any CPU.ActiveCfg = Debug|Any CPU
		{C0AFA351-D2B1-45AE-912E-55405148F793}.Debug|Any CPU.Build.0 = Debug|Any CPU
		{C0AFA351-D2B1-45AE-912E-55405148F793}.Release|Any CPU.ActiveCfg = Release|Any CPU
		{C0AFA351-D2B1-45AE-912E-55405148F793}.Release|Any CPU.Build.0 = Release|Any CPU
		{BAB1460A-C9B5-4F37-852D-6295AE434613}.Debug|Any CPU.ActiveCfg = Debug|Any CPU
		{BAB1460A-C9B5-4F37-852D-6295AE434613}.Debug|Any CPU.Build.0 = Debug|Any CPU
		{BAB1460A-C9B5-4F37-852D-6295AE434613}.Release|Any CPU.ActiveCfg = Release|Any CPU
		{BAB1460A-C9B5-4F37-852D-6295AE434613}.Release|Any CPU.Build.0 = Release|Any CPU
		{4B6E7A15-F4B4-4FCE-A91A-96D47D011388}.Debug|Any CPU.ActiveCfg = Debug|Any CPU
		{4B6E7A15-F4B4-4FCE-A91A-96D47D011388}.Debug|Any CPU.Build.0 = Debug|Any CPU
		{4B6E7A15-F4B4-4FCE-A91A-96D47D011388}.Release|Any CPU.ActiveCfg = Release|Any CPU
		{4B6E7A15-F4B4-4FCE-A91A-96D47D011388}.Release|Any CPU.Build.0 = Release|Any CPU
		{A54AE5EA-E09C-4D2E-BB36-48757FA93702}.Debug|Any CPU.ActiveCfg = Debug|Any CPU
		{A54AE5EA-E09C-4D2E-BB36-48757FA93702}.Debug|Any CPU.Build.0 = Debug|Any CPU
		{A54AE5EA-E09C-4D2E-BB36-48757FA93702}.Release|Any CPU.ActiveCfg = Release|Any CPU
		{A54AE5EA-E09C-4D2E-BB36-48757FA93702}.Release|Any CPU.Build.0 = Release|Any CPU
		{CC988124-5861-46A8-AEB5-8D591FDE2FE6}.Debug|Any CPU.ActiveCfg = Debug|Any CPU
		{CC988124-5861-46A8-AEB5-8D591FDE2FE6}.Debug|Any CPU.Build.0 = Debug|Any CPU
		{CC988124-5861-46A8-AEB5-8D591FDE2FE6}.Release|Any CPU.ActiveCfg = Release|Any CPU
		{CC988124-5861-46A8-AEB5-8D591FDE2FE6}.Release|Any CPU.Build.0 = Release|Any CPU
		{295CB089-916E-46DC-A4B4-3FA3BB1FF731}.Debug|Any CPU.ActiveCfg = Debug|Any CPU
		{295CB089-916E-46DC-A4B4-3FA3BB1FF731}.Debug|Any CPU.Build.0 = Debug|Any CPU
		{295CB089-916E-46DC-A4B4-3FA3BB1FF731}.Release|Any CPU.ActiveCfg = Release|Any CPU
		{295CB089-916E-46DC-A4B4-3FA3BB1FF731}.Release|Any CPU.Build.0 = Release|Any CPU
		{B4AFBF8D-FA78-446B-9808-94F218CBC203}.Debug|Any CPU.ActiveCfg = Debug|Any CPU
		{B4AFBF8D-FA78-446B-9808-94F218CBC203}.Debug|Any CPU.Build.0 = Debug|Any CPU
		{B4AFBF8D-FA78-446B-9808-94F218CBC203}.Release|Any CPU.ActiveCfg = Release|Any CPU
		{B4AFBF8D-FA78-446B-9808-94F218CBC203}.Release|Any CPU.Build.0 = Release|Any CPU
		{CD9406C7-CD5C-4009-AA95-70D1B72517BC}.Debug|Any CPU.ActiveCfg = Debug|Any CPU
		{CD9406C7-CD5C-4009-AA95-70D1B72517BC}.Debug|Any CPU.Build.0 = Debug|Any CPU
		{CD9406C7-CD5C-4009-AA95-70D1B72517BC}.Release|Any CPU.ActiveCfg = Release|Any CPU
		{CD9406C7-CD5C-4009-AA95-70D1B72517BC}.Release|Any CPU.Build.0 = Release|Any CPU
		{4477E646-9763-459C-BFE1-E993744DD798}.Debug|Any CPU.ActiveCfg = Debug|Any CPU
		{4477E646-9763-459C-BFE1-E993744DD798}.Debug|Any CPU.Build.0 = Debug|Any CPU
		{4477E646-9763-459C-BFE1-E993744DD798}.Release|Any CPU.ActiveCfg = Release|Any CPU
		{4477E646-9763-459C-BFE1-E993744DD798}.Release|Any CPU.Build.0 = Release|Any CPU
		{AEB3B582-10EB-4444-90C2-5F1367265D7C}.Debug|Any CPU.ActiveCfg = Debug|Any CPU
		{AEB3B582-10EB-4444-90C2-5F1367265D7C}.Debug|Any CPU.Build.0 = Debug|Any CPU
		{AEB3B582-10EB-4444-90C2-5F1367265D7C}.Release|Any CPU.ActiveCfg = Release|Any CPU
		{AEB3B582-10EB-4444-90C2-5F1367265D7C}.Release|Any CPU.Build.0 = Release|Any CPU
		{0B408AE2-16B5-4D98-A3C9-5689C1C00744}.Debug|Any CPU.ActiveCfg = Debug|Any CPU
		{0B408AE2-16B5-4D98-A3C9-5689C1C00744}.Debug|Any CPU.Build.0 = Debug|Any CPU
		{0B408AE2-16B5-4D98-A3C9-5689C1C00744}.Release|Any CPU.ActiveCfg = Release|Any CPU
		{0B408AE2-16B5-4D98-A3C9-5689C1C00744}.Release|Any CPU.Build.0 = Release|Any CPU
		{78574C37-2509-4C85-BD3F-9BAF85AEF449}.Debug|Any CPU.ActiveCfg = Debug|Any CPU
		{78574C37-2509-4C85-BD3F-9BAF85AEF449}.Debug|Any CPU.Build.0 = Debug|Any CPU
		{78574C37-2509-4C85-BD3F-9BAF85AEF449}.Release|Any CPU.ActiveCfg = Release|Any CPU
		{78574C37-2509-4C85-BD3F-9BAF85AEF449}.Release|Any CPU.Build.0 = Release|Any CPU
		{714E93ED-CA44-4CB4-92F7-A1E6F39CB49B}.Debug|Any CPU.ActiveCfg = Debug|Any CPU
		{714E93ED-CA44-4CB4-92F7-A1E6F39CB49B}.Debug|Any CPU.Build.0 = Debug|Any CPU
		{714E93ED-CA44-4CB4-92F7-A1E6F39CB49B}.Release|Any CPU.ActiveCfg = Release|Any CPU
		{714E93ED-CA44-4CB4-92F7-A1E6F39CB49B}.Release|Any CPU.Build.0 = Release|Any CPU
		{F8E5048A-B56E-4F21-8263-A7DF3AA90E50}.Debug|Any CPU.ActiveCfg = Debug|Any CPU
		{F8E5048A-B56E-4F21-8263-A7DF3AA90E50}.Debug|Any CPU.Build.0 = Debug|Any CPU
		{F8E5048A-B56E-4F21-8263-A7DF3AA90E50}.Release|Any CPU.ActiveCfg = Release|Any CPU
		{F8E5048A-B56E-4F21-8263-A7DF3AA90E50}.Release|Any CPU.Build.0 = Release|Any CPU
		{329F8C07-E096-43DA-B671-13A0A81EE27A}.Debug|Any CPU.ActiveCfg = Debug|Any CPU
		{329F8C07-E096-43DA-B671-13A0A81EE27A}.Debug|Any CPU.Build.0 = Debug|Any CPU
		{329F8C07-E096-43DA-B671-13A0A81EE27A}.Release|Any CPU.ActiveCfg = Release|Any CPU
		{329F8C07-E096-43DA-B671-13A0A81EE27A}.Release|Any CPU.Build.0 = Release|Any CPU
		{240AE0DA-35A0-426E-9525-E47CE3516783}.Debug|Any CPU.ActiveCfg = Debug|Any CPU
		{240AE0DA-35A0-426E-9525-E47CE3516783}.Debug|Any CPU.Build.0 = Debug|Any CPU
		{240AE0DA-35A0-426E-9525-E47CE3516783}.Release|Any CPU.ActiveCfg = Release|Any CPU
		{240AE0DA-35A0-426E-9525-E47CE3516783}.Release|Any CPU.Build.0 = Release|Any CPU
		{B31609C0-3241-4143-8E86-68C3AFF6DC06}.Debug|Any CPU.ActiveCfg = Debug|Any CPU
		{B31609C0-3241-4143-8E86-68C3AFF6DC06}.Debug|Any CPU.Build.0 = Debug|Any CPU
		{B31609C0-3241-4143-8E86-68C3AFF6DC06}.Release|Any CPU.ActiveCfg = Release|Any CPU
		{B31609C0-3241-4143-8E86-68C3AFF6DC06}.Release|Any CPU.Build.0 = Release|Any CPU
		{41595B39-E7FB-4434-9EDC-83DD0E201354}.Debug|Any CPU.ActiveCfg = Debug|Any CPU
		{41595B39-E7FB-4434-9EDC-83DD0E201354}.Debug|Any CPU.Build.0 = Debug|Any CPU
		{41595B39-E7FB-4434-9EDC-83DD0E201354}.Release|Any CPU.ActiveCfg = Release|Any CPU
		{41595B39-E7FB-4434-9EDC-83DD0E201354}.Release|Any CPU.Build.0 = Release|Any CPU
		{BA50C10E-0535-4C71-8A31-433602CCC17F}.Debug|Any CPU.ActiveCfg = Debug|Any CPU
		{BA50C10E-0535-4C71-8A31-433602CCC17F}.Debug|Any CPU.Build.0 = Debug|Any CPU
		{BA50C10E-0535-4C71-8A31-433602CCC17F}.Release|Any CPU.ActiveCfg = Release|Any CPU
		{BA50C10E-0535-4C71-8A31-433602CCC17F}.Release|Any CPU.Build.0 = Release|Any CPU
		{86B8EE8B-593C-4440-A7F0-FE3306910787}.Debug|Any CPU.ActiveCfg = Debug|Any CPU
		{86B8EE8B-593C-4440-A7F0-FE3306910787}.Debug|Any CPU.Build.0 = Debug|Any CPU
		{86B8EE8B-593C-4440-A7F0-FE3306910787}.Release|Any CPU.ActiveCfg = Release|Any CPU
		{86B8EE8B-593C-4440-A7F0-FE3306910787}.Release|Any CPU.Build.0 = Release|Any CPU
		{222193C5-4467-4F2A-B3BF-C617D154D7BC}.Debug|Any CPU.ActiveCfg = Debug|Any CPU
		{222193C5-4467-4F2A-B3BF-C617D154D7BC}.Debug|Any CPU.Build.0 = Debug|Any CPU
		{222193C5-4467-4F2A-B3BF-C617D154D7BC}.Release|Any CPU.ActiveCfg = Release|Any CPU
		{222193C5-4467-4F2A-B3BF-C617D154D7BC}.Release|Any CPU.Build.0 = Release|Any CPU
		{902C0FDD-DA55-409E-87E1-48D52C354DDE}.Debug|Any CPU.ActiveCfg = Debug|Any CPU
		{902C0FDD-DA55-409E-87E1-48D52C354DDE}.Debug|Any CPU.Build.0 = Debug|Any CPU
		{902C0FDD-DA55-409E-87E1-48D52C354DDE}.Release|Any CPU.ActiveCfg = Release|Any CPU
		{902C0FDD-DA55-409E-87E1-48D52C354DDE}.Release|Any CPU.Build.0 = Release|Any CPU
		{647C7095-E684-4399-B062-0DCB7BD27C23}.Debug|Any CPU.ActiveCfg = Debug|Any CPU
		{647C7095-E684-4399-B062-0DCB7BD27C23}.Debug|Any CPU.Build.0 = Debug|Any CPU
		{647C7095-E684-4399-B062-0DCB7BD27C23}.Release|Any CPU.ActiveCfg = Release|Any CPU
		{647C7095-E684-4399-B062-0DCB7BD27C23}.Release|Any CPU.Build.0 = Release|Any CPU
		{E904247F-D807-4241-A5BA-D460A764D8CD}.Debug|Any CPU.ActiveCfg = Debug|Any CPU
		{E904247F-D807-4241-A5BA-D460A764D8CD}.Debug|Any CPU.Build.0 = Debug|Any CPU
		{E904247F-D807-4241-A5BA-D460A764D8CD}.Release|Any CPU.ActiveCfg = Release|Any CPU
		{E904247F-D807-4241-A5BA-D460A764D8CD}.Release|Any CPU.Build.0 = Release|Any CPU
		{D885658D-CDDA-4E83-95FA-BD160AB73DB5}.Debug|Any CPU.ActiveCfg = Debug|Any CPU
		{D885658D-CDDA-4E83-95FA-BD160AB73DB5}.Debug|Any CPU.Build.0 = Debug|Any CPU
		{D885658D-CDDA-4E83-95FA-BD160AB73DB5}.Release|Any CPU.ActiveCfg = Release|Any CPU
		{D885658D-CDDA-4E83-95FA-BD160AB73DB5}.Release|Any CPU.Build.0 = Release|Any CPU
		{DA0DCB84-FA66-426C-81A1-23DE3F2C5A2D}.Debug|Any CPU.ActiveCfg = Debug|Any CPU
		{DA0DCB84-FA66-426C-81A1-23DE3F2C5A2D}.Debug|Any CPU.Build.0 = Debug|Any CPU
		{DA0DCB84-FA66-426C-81A1-23DE3F2C5A2D}.Release|Any CPU.ActiveCfg = Release|Any CPU
		{DA0DCB84-FA66-426C-81A1-23DE3F2C5A2D}.Release|Any CPU.Build.0 = Release|Any CPU
		{012A2941-FBA3-453D-AFEF-3EBEEAECE94F}.Debug|Any CPU.ActiveCfg = Debug|Any CPU
		{012A2941-FBA3-453D-AFEF-3EBEEAECE94F}.Debug|Any CPU.Build.0 = Debug|Any CPU
		{012A2941-FBA3-453D-AFEF-3EBEEAECE94F}.Release|Any CPU.ActiveCfg = Release|Any CPU
		{012A2941-FBA3-453D-AFEF-3EBEEAECE94F}.Release|Any CPU.Build.0 = Release|Any CPU
		{92E941B2-A27B-4106-A400-BFA7D193FCE5}.Debug|Any CPU.ActiveCfg = Debug|Any CPU
		{92E941B2-A27B-4106-A400-BFA7D193FCE5}.Debug|Any CPU.Build.0 = Debug|Any CPU
		{92E941B2-A27B-4106-A400-BFA7D193FCE5}.Release|Any CPU.ActiveCfg = Release|Any CPU
		{92E941B2-A27B-4106-A400-BFA7D193FCE5}.Release|Any CPU.Build.0 = Release|Any CPU
		{40CD97E4-AC0E-445F-98F0-B9545FD3612F}.Debug|Any CPU.ActiveCfg = Debug|Any CPU
		{40CD97E4-AC0E-445F-98F0-B9545FD3612F}.Debug|Any CPU.Build.0 = Debug|Any CPU
		{40CD97E4-AC0E-445F-98F0-B9545FD3612F}.Release|Any CPU.ActiveCfg = Release|Any CPU
		{40CD97E4-AC0E-445F-98F0-B9545FD3612F}.Release|Any CPU.Build.0 = Release|Any CPU
		{E2CBCD00-3A90-41BE-8563-C31CB7F8ED99}.Debug|Any CPU.ActiveCfg = Debug|Any CPU
		{E2CBCD00-3A90-41BE-8563-C31CB7F8ED99}.Debug|Any CPU.Build.0 = Debug|Any CPU
		{E2CBCD00-3A90-41BE-8563-C31CB7F8ED99}.Release|Any CPU.ActiveCfg = Release|Any CPU
		{E2CBCD00-3A90-41BE-8563-C31CB7F8ED99}.Release|Any CPU.Build.0 = Release|Any CPU
		{52D7E4E7-5550-4202-8A72-563196F9B9D0}.Debug|Any CPU.ActiveCfg = Debug|Any CPU
		{52D7E4E7-5550-4202-8A72-563196F9B9D0}.Debug|Any CPU.Build.0 = Debug|Any CPU
		{52D7E4E7-5550-4202-8A72-563196F9B9D0}.Release|Any CPU.ActiveCfg = Release|Any CPU
		{52D7E4E7-5550-4202-8A72-563196F9B9D0}.Release|Any CPU.Build.0 = Release|Any CPU
		{204C60F0-3B23-4FB5-8669-338E3E5702CC}.Debug|Any CPU.ActiveCfg = Debug|Any CPU
		{204C60F0-3B23-4FB5-8669-338E3E5702CC}.Debug|Any CPU.Build.0 = Debug|Any CPU
		{204C60F0-3B23-4FB5-8669-338E3E5702CC}.Release|Any CPU.ActiveCfg = Release|Any CPU
		{204C60F0-3B23-4FB5-8669-338E3E5702CC}.Release|Any CPU.Build.0 = Release|Any CPU
		{F106C0D5-374B-4328-8CED-E9B5E6A0F8C6}.Debug|Any CPU.ActiveCfg = Debug|Any CPU
		{F106C0D5-374B-4328-8CED-E9B5E6A0F8C6}.Debug|Any CPU.Build.0 = Debug|Any CPU
		{F106C0D5-374B-4328-8CED-E9B5E6A0F8C6}.Release|Any CPU.ActiveCfg = Release|Any CPU
		{F106C0D5-374B-4328-8CED-E9B5E6A0F8C6}.Release|Any CPU.Build.0 = Release|Any CPU
		{23A6E125-3DC5-457F-8980-0DF062C4D3CD}.Debug|Any CPU.ActiveCfg = Debug|Any CPU
		{23A6E125-3DC5-457F-8980-0DF062C4D3CD}.Debug|Any CPU.Build.0 = Debug|Any CPU
		{23A6E125-3DC5-457F-8980-0DF062C4D3CD}.Release|Any CPU.ActiveCfg = Release|Any CPU
		{23A6E125-3DC5-457F-8980-0DF062C4D3CD}.Release|Any CPU.Build.0 = Release|Any CPU
		{FC302974-06BA-4E2B-B125-E4462DEA78B8}.Debug|Any CPU.ActiveCfg = Debug|Any CPU
		{FC302974-06BA-4E2B-B125-E4462DEA78B8}.Debug|Any CPU.Build.0 = Debug|Any CPU
		{FC302974-06BA-4E2B-B125-E4462DEA78B8}.Release|Any CPU.ActiveCfg = Release|Any CPU
		{FC302974-06BA-4E2B-B125-E4462DEA78B8}.Release|Any CPU.Build.0 = Release|Any CPU
		{97015B08-EC42-4044-87A6-3E8FDEB44D55}.Debug|Any CPU.ActiveCfg = Debug|Any CPU
		{97015B08-EC42-4044-87A6-3E8FDEB44D55}.Debug|Any CPU.Build.0 = Debug|Any CPU
		{97015B08-EC42-4044-87A6-3E8FDEB44D55}.Release|Any CPU.ActiveCfg = Release|Any CPU
		{97015B08-EC42-4044-87A6-3E8FDEB44D55}.Release|Any CPU.Build.0 = Release|Any CPU
		{C7C5C452-7A16-4144-B97F-BA2FEE6461E0}.Debug|Any CPU.ActiveCfg = Debug|Any CPU
		{C7C5C452-7A16-4144-B97F-BA2FEE6461E0}.Debug|Any CPU.Build.0 = Debug|Any CPU
		{C7C5C452-7A16-4144-B97F-BA2FEE6461E0}.Release|Any CPU.ActiveCfg = Release|Any CPU
		{C7C5C452-7A16-4144-B97F-BA2FEE6461E0}.Release|Any CPU.Build.0 = Release|Any CPU
		{4E01865F-4222-4B39-99C9-7CCA10C771DD}.Debug|Any CPU.ActiveCfg = Debug|Any CPU
		{4E01865F-4222-4B39-99C9-7CCA10C771DD}.Debug|Any CPU.Build.0 = Debug|Any CPU
		{4E01865F-4222-4B39-99C9-7CCA10C771DD}.Release|Any CPU.ActiveCfg = Release|Any CPU
		{4E01865F-4222-4B39-99C9-7CCA10C771DD}.Release|Any CPU.Build.0 = Release|Any CPU
		{5E7B764B-3BDA-468B-B350-C11CED8DBC96}.Debug|Any CPU.ActiveCfg = Debug|Any CPU
		{5E7B764B-3BDA-468B-B350-C11CED8DBC96}.Debug|Any CPU.Build.0 = Debug|Any CPU
		{5E7B764B-3BDA-468B-B350-C11CED8DBC96}.Release|Any CPU.ActiveCfg = Release|Any CPU
		{5E7B764B-3BDA-468B-B350-C11CED8DBC96}.Release|Any CPU.Build.0 = Release|Any CPU
		{D71DDEF8-8A51-4817-A2E0-E49AFD50A881}.Debug|Any CPU.ActiveCfg = Debug|Any CPU
		{D71DDEF8-8A51-4817-A2E0-E49AFD50A881}.Debug|Any CPU.Build.0 = Debug|Any CPU
		{D71DDEF8-8A51-4817-A2E0-E49AFD50A881}.Release|Any CPU.ActiveCfg = Release|Any CPU
		{D71DDEF8-8A51-4817-A2E0-E49AFD50A881}.Release|Any CPU.Build.0 = Release|Any CPU
		{A3E1DFA3-65DF-4555-89CD-7CE993F49562}.Debug|Any CPU.ActiveCfg = Debug|Any CPU
		{A3E1DFA3-65DF-4555-89CD-7CE993F49562}.Debug|Any CPU.Build.0 = Debug|Any CPU
		{A3E1DFA3-65DF-4555-89CD-7CE993F49562}.Release|Any CPU.ActiveCfg = Release|Any CPU
		{A3E1DFA3-65DF-4555-89CD-7CE993F49562}.Release|Any CPU.Build.0 = Release|Any CPU
		{31A74047-4064-4244-AF0A-91BC42F52264}.Debug|Any CPU.ActiveCfg = Debug|Any CPU
		{31A74047-4064-4244-AF0A-91BC42F52264}.Debug|Any CPU.Build.0 = Debug|Any CPU
		{31A74047-4064-4244-AF0A-91BC42F52264}.Release|Any CPU.ActiveCfg = Release|Any CPU
		{31A74047-4064-4244-AF0A-91BC42F52264}.Release|Any CPU.Build.0 = Release|Any CPU
		{689FBF00-390E-4F87-9778-4E936C9B2ED2}.Debug|Any CPU.ActiveCfg = Debug|Any CPU
		{689FBF00-390E-4F87-9778-4E936C9B2ED2}.Debug|Any CPU.Build.0 = Debug|Any CPU
		{689FBF00-390E-4F87-9778-4E936C9B2ED2}.Release|Any CPU.ActiveCfg = Release|Any CPU
		{689FBF00-390E-4F87-9778-4E936C9B2ED2}.Release|Any CPU.Build.0 = Release|Any CPU
		{20CC373E-9799-4C9D-BBC7-F616A34D3C93}.Debug|Any CPU.ActiveCfg = Debug|Any CPU
		{20CC373E-9799-4C9D-BBC7-F616A34D3C93}.Debug|Any CPU.Build.0 = Debug|Any CPU
		{20CC373E-9799-4C9D-BBC7-F616A34D3C93}.Release|Any CPU.ActiveCfg = Release|Any CPU
		{20CC373E-9799-4C9D-BBC7-F616A34D3C93}.Release|Any CPU.Build.0 = Release|Any CPU
		{7D5E1514-08B6-45F4-89A7-BD24C9535020}.Debug|Any CPU.ActiveCfg = Debug|Any CPU
		{7D5E1514-08B6-45F4-89A7-BD24C9535020}.Debug|Any CPU.Build.0 = Debug|Any CPU
		{7D5E1514-08B6-45F4-89A7-BD24C9535020}.Release|Any CPU.ActiveCfg = Release|Any CPU
		{7D5E1514-08B6-45F4-89A7-BD24C9535020}.Release|Any CPU.Build.0 = Release|Any CPU
		{E0826B99-3CC0-4C7F-980F-8E5CA0BC9147}.Debug|Any CPU.ActiveCfg = Debug|Any CPU
		{E0826B99-3CC0-4C7F-980F-8E5CA0BC9147}.Debug|Any CPU.Build.0 = Debug|Any CPU
		{E0826B99-3CC0-4C7F-980F-8E5CA0BC9147}.Release|Any CPU.ActiveCfg = Release|Any CPU
		{E0826B99-3CC0-4C7F-980F-8E5CA0BC9147}.Release|Any CPU.Build.0 = Release|Any CPU
		{7B646AE7-78C5-4A46-AD40-8D6EC251212A}.Debug|Any CPU.ActiveCfg = Debug|Any CPU
		{7B646AE7-78C5-4A46-AD40-8D6EC251212A}.Debug|Any CPU.Build.0 = Debug|Any CPU
		{7B646AE7-78C5-4A46-AD40-8D6EC251212A}.Release|Any CPU.ActiveCfg = Release|Any CPU
		{7B646AE7-78C5-4A46-AD40-8D6EC251212A}.Release|Any CPU.Build.0 = Release|Any CPU
	EndGlobalSection
	GlobalSection(NestedProjects) = preSolution
		{8FFC3916-CDF4-44E0-9F49-A58945F1DDB5} = {220083C8-CB47-4E28-B721-C69A659269D8}
		{111B1871-B4C4-4DA3-8D97-A787150A284C} = {220083C8-CB47-4E28-B721-C69A659269D8}
		{F50133F6-2192-4600-8FA5-D0B0C9A60B00} = {220083C8-CB47-4E28-B721-C69A659269D8}
		{E6D1EB7C-1B0C-44E8-B3B1-1606C5F3A33A} = {DF964075-E416-45CA-ACE1-1ADB0E90961D}
		{C2960CF9-745C-4C56-98ED-E7BB39EA8543} = {220083C8-CB47-4E28-B721-C69A659269D8}
		{AD41BFF2-827F-4D71-9B1C-32829699BB06} = {220083C8-CB47-4E28-B721-C69A659269D8}
		{7A79CD20-A1AD-4F0D-86B0-68AB15DAB09B} = {220083C8-CB47-4E28-B721-C69A659269D8}
		{6B9B6B1F-B897-47FF-A905-5792E2B75968} = {87DC2743-0CFF-4C4E-919C-D162ED855A12}
		{1B655116-1984-41D0-A7FD-7E3911D98E63} = {4D36A84C-367F-4BAF-91DA-9B09F6D0A1D0}
		{E7C1E81C-6D24-4510-B463-CD5C4AD1AE93} = {4D36A84C-367F-4BAF-91DA-9B09F6D0A1D0}
		{C6C7A3BE-B101-427C-B99B-7DF27420A22D} = {4D36A84C-367F-4BAF-91DA-9B09F6D0A1D0}
		{7535509B-1608-48C5-B21A-E3E938584AC5} = {4D36A84C-367F-4BAF-91DA-9B09F6D0A1D0}
		{76BEA33A-0FA8-429C-991A-68A63B04A00D} = {66EBB4C6-1E9E-4BBD-8A8D-639B0D32F029}
		{8454D2AC-6E4D-4D16-B3E7-5E5536D51EDA} = {66EBB4C6-1E9E-4BBD-8A8D-639B0D32F029}
		{6E2AF4F4-A65B-4EF9-AAB9-AB7A25FC7F8C} = {66EBB4C6-1E9E-4BBD-8A8D-639B0D32F029}
		{D220169A-C94F-4C34-B6E4-6E8EC74597B8} = {66EBB4C6-1E9E-4BBD-8A8D-639B0D32F029}
		{AA00C284-BC13-4B12-81E1-528AD15ABB35} = {4D36A84C-367F-4BAF-91DA-9B09F6D0A1D0}
		{8F8E8468-07FC-443C-9931-2A0F62AC7CFD} = {4D36A84C-367F-4BAF-91DA-9B09F6D0A1D0}
		{C0AFA351-D2B1-45AE-912E-55405148F793} = {4D36A84C-367F-4BAF-91DA-9B09F6D0A1D0}
		{BAB1460A-C9B5-4F37-852D-6295AE434613} = {4D36A84C-367F-4BAF-91DA-9B09F6D0A1D0}
		{4B6E7A15-F4B4-4FCE-A91A-96D47D011388} = {66EBB4C6-1E9E-4BBD-8A8D-639B0D32F029}
		{A54AE5EA-E09C-4D2E-BB36-48757FA93702} = {66EBB4C6-1E9E-4BBD-8A8D-639B0D32F029}
		{CC988124-5861-46A8-AEB5-8D591FDE2FE6} = {66EBB4C6-1E9E-4BBD-8A8D-639B0D32F029}
		{295CB089-916E-46DC-A4B4-3FA3BB1FF731} = {66EBB4C6-1E9E-4BBD-8A8D-639B0D32F029}
		{B4AFBF8D-FA78-446B-9808-94F218CBC203} = {66EBB4C6-1E9E-4BBD-8A8D-639B0D32F029}
		{CD9406C7-CD5C-4009-AA95-70D1B72517BC} = {66EBB4C6-1E9E-4BBD-8A8D-639B0D32F029}
		{4477E646-9763-459C-BFE1-E993744DD798} = {66EBB4C6-1E9E-4BBD-8A8D-639B0D32F029}
		{AEB3B582-10EB-4444-90C2-5F1367265D7C} = {66EBB4C6-1E9E-4BBD-8A8D-639B0D32F029}
		{0B408AE2-16B5-4D98-A3C9-5689C1C00744} = {66EBB4C6-1E9E-4BBD-8A8D-639B0D32F029}
		{78574C37-2509-4C85-BD3F-9BAF85AEF449} = {7D00AACF-CF67-4A65-83C4-0646E67D7562}
		{714E93ED-CA44-4CB4-92F7-A1E6F39CB49B} = {44AEAA0A-A95C-41C3-8CE2-574CDE1486AC}
		{F8E5048A-B56E-4F21-8263-A7DF3AA90E50} = {44AEAA0A-A95C-41C3-8CE2-574CDE1486AC}
		{329F8C07-E096-43DA-B671-13A0A81EE27A} = {44AEAA0A-A95C-41C3-8CE2-574CDE1486AC}
		{240AE0DA-35A0-426E-9525-E47CE3516783} = {7D00AACF-CF67-4A65-83C4-0646E67D7562}
		{B31609C0-3241-4143-8E86-68C3AFF6DC06} = {7D00AACF-CF67-4A65-83C4-0646E67D7562}
		{41595B39-E7FB-4434-9EDC-83DD0E201354} = {7D00AACF-CF67-4A65-83C4-0646E67D7562}
		{BA50C10E-0535-4C71-8A31-433602CCC17F} = {7D00AACF-CF67-4A65-83C4-0646E67D7562}
		{86B8EE8B-593C-4440-A7F0-FE3306910787} = {7D00AACF-CF67-4A65-83C4-0646E67D7562}
		{222193C5-4467-4F2A-B3BF-C617D154D7BC} = {AB4309EE-CE93-444C-B414-8F8E8C0F5DAF}
		{902C0FDD-DA55-409E-87E1-48D52C354DDE} = {645A1C53-D62B-4918-99A4-A856ECB90FAE}
		{647C7095-E684-4399-B062-0DCB7BD27C23} = {AB4309EE-CE93-444C-B414-8F8E8C0F5DAF}
		{E904247F-D807-4241-A5BA-D460A764D8CD} = {AB4309EE-CE93-444C-B414-8F8E8C0F5DAF}
		{D885658D-CDDA-4E83-95FA-BD160AB73DB5} = {AB4309EE-CE93-444C-B414-8F8E8C0F5DAF}
		{DA0DCB84-FA66-426C-81A1-23DE3F2C5A2D} = {AB4309EE-CE93-444C-B414-8F8E8C0F5DAF}
		{012A2941-FBA3-453D-AFEF-3EBEEAECE94F} = {AB4309EE-CE93-444C-B414-8F8E8C0F5DAF}
		{92E941B2-A27B-4106-A400-BFA7D193FCE5} = {18DD54AA-7BF5-48B9-A5CA-15CF6054EE9E}
		{40CD97E4-AC0E-445F-98F0-B9545FD3612F} = {18DD54AA-7BF5-48B9-A5CA-15CF6054EE9E}
		{E2CBCD00-3A90-41BE-8563-C31CB7F8ED99} = {18DD54AA-7BF5-48B9-A5CA-15CF6054EE9E}
		{52D7E4E7-5550-4202-8A72-563196F9B9D0} = {271B5338-0205-4408-87F8-D0F3E2B76FB7}
		{204C60F0-3B23-4FB5-8669-338E3E5702CC} = {645A1C53-D62B-4918-99A4-A856ECB90FAE}
		{F106C0D5-374B-4328-8CED-E9B5E6A0F8C6} = {271B5338-0205-4408-87F8-D0F3E2B76FB7}
		{23A6E125-3DC5-457F-8980-0DF062C4D3CD} = {645A1C53-D62B-4918-99A4-A856ECB90FAE}
		{FC302974-06BA-4E2B-B125-E4462DEA78B8} = {A209C05D-2EAD-48B3-A113-7D5D425A60F5}
		{97015B08-EC42-4044-87A6-3E8FDEB44D55} = {645A1C53-D62B-4918-99A4-A856ECB90FAE}
		{C7C5C452-7A16-4144-B97F-BA2FEE6461E0} = {645A1C53-D62B-4918-99A4-A856ECB90FAE}
		{4E01865F-4222-4B39-99C9-7CCA10C771DD} = {645A1C53-D62B-4918-99A4-A856ECB90FAE}
		{5E7B764B-3BDA-468B-B350-C11CED8DBC96} = {A209C05D-2EAD-48B3-A113-7D5D425A60F5}
		{D71DDEF8-8A51-4817-A2E0-E49AFD50A881} = {A209C05D-2EAD-48B3-A113-7D5D425A60F5}
		{A3E1DFA3-65DF-4555-89CD-7CE993F49562} = {9C48927B-F366-4D99-85AB-AB03B630AE1B}
		{31A74047-4064-4244-AF0A-91BC42F52264} = {9C48927B-F366-4D99-85AB-AB03B630AE1B}
		{689FBF00-390E-4F87-9778-4E936C9B2ED2} = {11BFD0C2-B714-4877-B6B3-0F72AADE5FD0}
		{20CC373E-9799-4C9D-BBC7-F616A34D3C93} = {11BFD0C2-B714-4877-B6B3-0F72AADE5FD0}
		{7D5E1514-08B6-45F4-89A7-BD24C9535020} = {645A1C53-D62B-4918-99A4-A856ECB90FAE}
		{E0826B99-3CC0-4C7F-980F-8E5CA0BC9147} = {645A1C53-D62B-4918-99A4-A856ECB90FAE}
		{7B646AE7-78C5-4A46-AD40-8D6EC251212A} = {645A1C53-D62B-4918-99A4-A856ECB90FAE}
	EndGlobalSection
EndGlobal
