
Microsoft Visual Studio Solution File, Format Version 12.00
Project("{FAE04EC0-301F-11D3-BF4B-00C04F79EFBC}") = "ConsoleChapter1", "ConsoleChapter1\ConsoleChapter1.csproj", "{E6D1EB7C-1B0C-44E8-B3B1-1606C5F3A33A}"
EndProject
Project("{FAE04EC0-301F-11D3-BF4B-00C04F79EFBC}") = "Nortwind.Console.SqlClient", "Chapter02\Nortwind.Console.SqlClient\Nortwind.Console.SqlClient.csproj", "{111B1871-B4C4-4DA3-8D97-A787150A284C}"
EndProject
Project("{FAE04EC0-301F-11D3-BF4B-00C04F79EFBC}") = "Norwind.Console.EFCore", "Norwind.Console.EFCore\Norwind.Console.EFCore.csproj", "{F50133F6-2192-4600-8FA5-D0B0C9A60B00}"
EndProject
Project("{FAE04EC0-301F-11D3-BF4B-00C04F79EFBC}") = "Northwind.Console.HierarchyMapping", "Northwind.Console.HierarchyMapping\Northwind.Console.HierarchyMapping.csproj", "{8FFC3916-CDF4-44E0-9F49-A58945F1DDB5}"
EndProject
Project("{2150E333-8FDC-42A3-9474-1A3956D46DE8}") = "Chapter02", "Chapter02", "{220083C8-CB47-4E28-B721-C69A659269D8}"
EndProject
Project("{2150E333-8FDC-42A3-9474-1A3956D46DE8}") = "Chapter01", "Chapter01", "{DF964075-E416-45CA-ACE1-1ADB0E90961D}"
EndProject
Project("{FAE04EC0-301F-11D3-BF4B-00C04F79EFBC}") = "Northwind.Common.EntityModels.SqlServer", "Chapter02\Northwind.Common.EntityModels.SqlServer\Northwind.Common.EntityModels.SqlServer.csproj", "{C2960CF9-745C-4C56-98ED-E7BB39EA8543}"
EndProject
Project("{FAE04EC0-301F-11D3-BF4B-00C04F79EFBC}") = "Northwind.Common.DataContext.SqlServer", "Chapter02\Northwind.Common.DataContext.SqlServer\Northwind.Common.DataContext.SqlServer.csproj", "{AD41BFF2-827F-4D71-9B1C-32829699BB06}"
EndProject
Project("{FAE04EC0-301F-11D3-BF4B-00C04F79EFBC}") = "Northwind.Common.EntityModels.Tests", "Chapter02\Northwind.Common.EntityModels.Tests\Northwind.Common.EntityModels.Tests.csproj", "{7A79CD20-A1AD-4F0D-86B0-68AB15DAB09B}"
EndProject
Project("{2150E333-8FDC-42A3-9474-1A3956D46DE8}") = "Chapter03", "Chapter03", "{87DC2743-0CFF-4C4E-919C-D162ED855A12}"
EndProject
Project("{FAE04EC0-301F-11D3-BF4B-00C04F79EFBC}") = "Northwind.CosmosDb.SqlApi", "Chapter03\Northwind.CosmosDb.SqlApi\Northwind.CosmosDb.SqlApi.csproj", "{6B9B6B1F-B897-47FF-A905-5792E2B75968}"
EndProject
Project("{2150E333-8FDC-42A3-9474-1A3956D46DE8}") = "Chapter04", "Chapter04", "{4D36A84C-367F-4BAF-91DA-9B09F6D0A1D0}"
EndProject
Project("{FAE04EC0-301F-11D3-BF4B-00C04F79EFBC}") = "MonitoringLib", "Chapter04\MonitoringLib\MonitoringLib.csproj", "{1B655116-1984-41D0-A7FD-7E3911D98E63}"
EndProject
Project("{FAE04EC0-301F-11D3-BF4B-00C04F79EFBC}") = "MonitoringApp", "Chapter04\MonitoringApp\MonitoringApp.csproj", "{E7C1E81C-6D24-4510-B463-CD5C4AD1AE93}"
EndProject
Project("{FAE04EC0-301F-11D3-BF4B-00C04F79EFBC}") = "Benchmarking", "Chapter04\Benchmarking\Benchmarking.csproj", "{C6C7A3BE-B101-427C-B99B-7DF27420A22D}"
EndProject
Project("{FAE04EC0-301F-11D3-BF4B-00C04F79EFBC}") = "WorkingWithTasks", "Chapter04\WorkingWithTasks\WorkingWithTasks.csproj", "{7535509B-1608-48C5-B21A-E3E938584AC5}"
EndProject
Project("{2150E333-8FDC-42A3-9474-1A3956D46DE8}") = "Chapter05", "Chapter05", "{66EBB4C6-1E9E-4BBD-8A8D-639B0D32F029}"
EndProject
Project("{FAE04EC0-301F-11D3-BF4B-00C04F79EFBC}") = "FluentTests", "Chapter05\FluentTests\FluentTests.csproj", "{76BEA33A-0FA8-429C-991A-68A63B04A00D}"
EndProject
Project("{FAE04EC0-301F-11D3-BF4B-00C04F79EFBC}") = "FluentValidation.Models", "Chapter05\FluentValidation.Models\FluentValidation.Models.csproj", "{8454D2AC-6E4D-4D16-B3E7-5E5536D51EDA}"
EndProject
Project("{FAE04EC0-301F-11D3-BF4B-00C04F79EFBC}") = "FluentValidation.Validators", "Chapter05\FluentValidation.Validators\FluentValidation.Validators.csproj", "{6E2AF4F4-A65B-4EF9-AAB9-AB7A25FC7F8C}"
EndProject
Project("{FAE04EC0-301F-11D3-BF4B-00C04F79EFBC}") = "FluentValidation.App", "Chapter05\FluentValidation.App\FluentValidation.App.csproj", "{D220169A-C94F-4C34-B6E4-6E8EC74597B8}"
EndProject
Project("{FAE04EC0-301F-11D3-BF4B-00C04F79EFBC}") = "SynchronizingResourceAccess", "Chapter04\SynchronizingResourceAccess\SynchronizingResourceAccess.csproj", "{AA00C284-BC13-4B12-81E1-528AD15ABB35}"
EndProject
Project("{FAE04EC0-301F-11D3-BF4B-00C04F79EFBC}") = "AsyncConsole", "Chapter04\AsyncConsole\AsyncConsole.csproj", "{8F8E8468-07FC-443C-9931-2A0F62AC7CFD}"
EndProject
Project("{FAE04EC0-301F-11D3-BF4B-00C04F79EFBC}") = "AsyncEnumerable", "Chapter04\AsyncEnumerable\AsyncEnumerable.csproj", "{C0AFA351-D2B1-45AE-912E-55405148F793}"
EndProject
Project("{FAE04EC0-301F-11D3-BF4B-00C04F79EFBC}") = "WpfResponsive", "Chapter04\WpfResponsive\WpfResponsive.csproj", "{BAB1460A-C9B5-4F37-852D-6295AE434613}"
EndProject
Project("{FAE04EC0-301F-11D3-BF4B-00C04F79EFBC}") = "WorkingWithImages", "Chapter05\WorkingWithImages\WorkingWithImages.csproj", "{4B6E7A15-F4B4-4FCE-A91A-96D47D011388}"
EndProject
Project("{FAE04EC0-301F-11D3-BF4B-00C04F79EFBC}") = "Serilogging", "Chapter05\Serilogging\Serilogging.csproj", "{A54AE5EA-E09C-4D2E-BB36-48757FA93702}"
EndProject
Project("{FAE04EC0-301F-11D3-BF4B-00C04F79EFBC}") = "MappingObjects.Models", "Chapter05\MappingObjects.Models\MappingObjects.Models.csproj", "{CC988124-5861-46A8-AEB5-8D591FDE2FE6}"
EndProject
Project("{FAE04EC0-301F-11D3-BF4B-00C04F79EFBC}") = "MappingObjects.Mappers", "Chapter05\MappingObjects.Mappers\MappingObjects.Mappers.csproj", "{295CB089-916E-46DC-A4B4-3FA3BB1FF731}"
EndProject
Project("{FAE04EC0-301F-11D3-BF4B-00C04F79EFBC}") = "MappingObjects.Tests", "Chapter05\MappingObjects.Tests\MappingObjects.Tests.csproj", "{B4AFBF8D-FA78-446B-9808-94F218CBC203}"
EndProject
Project("{FAE04EC0-301F-11D3-BF4B-00C04F79EFBC}") = "MappingObjects", "Chapter05\MappingObjects\MappingObjects.csproj", "{CD9406C7-CD5C-4009-AA95-70D1B72517BC}"
EndProject
Project("{FAE04EC0-301F-11D3-BF4B-00C04F79EFBC}") = "GeneratingPdf.Models", "Chapter05\GeneratingPdf.Models\GeneratingPdf.Models.csproj", "{4477E646-9763-459C-BFE1-E993744DD798}"
EndProject
Project("{FAE04EC0-301F-11D3-BF4B-00C04F79EFBC}") = "GeneratingPdf.Document", "Chapter05\GeneratingPdf.Document\GeneratingPdf.Document.csproj", "{AEB3B582-10EB-4444-90C2-5F1367265D7C}"
EndProject
Project("{FAE04EC0-301F-11D3-BF4B-00C04F79EFBC}") = "GeneratingPdf.App", "Chapter05\GeneratingPdf.App\GeneratingPdf.App.csproj", "{0B408AE2-16B5-4D98-A3C9-5689C1C00744}"
EndProject
Project("{2150E333-8FDC-42A3-9474-1A3956D46DE8}") = "Chapter06", "Chapter06", "{7D00AACF-CF67-4A65-83C4-0646E67D7562}"
EndProject
Project("{FAE04EC0-301F-11D3-BF4B-00C04F79EFBC}") = "WorkingWithReflection", "Chapter06\WorkingWithReflection\WorkingWithReflection.csproj", "{78574C37-2509-4C85-BD3F-9BAF85AEF449}"
EndProject
Project("{2150E333-8FDC-42A3-9474-1A3956D46DE8}") = "Chapter07", "Chapter07", "{44AEAA0A-A95C-41C3-8CE2-574CDE1486AC}"
EndProject
Project("{FAE04EC0-301F-11D3-BF4B-00C04F79EFBC}") = "WorkingWithTime", "Chapter07\WorkingWithTime\WorkingWithTime.csproj", "{714E93ED-CA44-4CB4-92F7-A1E6F39CB49B}"
EndProject
Project("{FAE04EC0-301F-11D3-BF4B-00C04F79EFBC}") = "WorkingWithTimeZones", "Chapter07\WorkingWithTimeZones\WorkingWithTimeZones.csproj", "{F8E5048A-B56E-4F21-8263-A7DF3AA90E50}"
EndProject
Project("{FAE04EC0-301F-11D3-BF4B-00C04F79EFBC}") = "WorkingWithCulture", "Chapter07\WorkingWithCulture\WorkingWithCulture.csproj", "{329F8C07-E096-43DA-B671-13A0A81EE27A}"
EndProject
Project("{FAE04EC0-301F-11D3-BF4B-00C04F79EFBC}") = "DynamicLoadAndExecute.Library", "Chapter06\DynamicLoadAndExecute.Library\DynamicLoadAndExecute.Library.csproj", "{240AE0DA-35A0-426E-9525-E47CE3516783}"
EndProject
Project("{FAE04EC0-301F-11D3-BF4B-00C04F79EFBC}") = "DynamicLoadAndExecute.Console", "Chapter06\DynamicLoadAndExecute.Console\DynamicLoadAndExecute.Console.csproj", "{B31609C0-3241-4143-8E86-68C3AFF6DC06}"
EndProject
Project("{FAE04EC0-301F-11D3-BF4B-00C04F79EFBC}") = "WorkingWithExpressionTrees", "Chapter06\WorkingWithExpressionTrees\WorkingWithExpressionTrees.csproj", "{41595B39-E7FB-4434-9EDC-83DD0E201354}"
EndProject
Project("{FAE04EC0-301F-11D3-BF4B-00C04F79EFBC}") = "GeneratingCodeApp", "Chapter06\GeneratingCodeApp\GeneratingCodeApp.csproj", "{BA50C10E-0535-4C71-8A31-433602CCC17F}"
EndProject
Project("{FAE04EC0-301F-11D3-BF4B-00C04F79EFBC}") = "GeneratingCodeLib", "Chapter06\GeneratingCodeLib\GeneratingCodeLib.csproj", "{86B8EE8B-593C-4440-A7F0-FE3306910787}"
EndProject
Project("{2150E333-8FDC-42A3-9474-1A3956D46DE8}") = "Chapter08", "Chapter08", "{AB4309EE-CE93-444C-B414-8F8E8C0F5DAF}"
EndProject
Project("{FAE04EC0-301F-11D3-BF4B-00C04F79EFBC}") = "EncryptionApp", "Chapter08\EncryptionApp\EncryptionApp.csproj", "{222193C5-4467-4F2A-B3BF-C617D154D7BC}"
EndProject
Project("{2150E333-8FDC-42A3-9474-1A3956D46DE8}") = "Chapter99", "Chapter99", "{645A1C53-D62B-4918-99A4-A856ECB90FAE}"
EndProject
Project("{FAE04EC0-301F-11D3-BF4B-00C04F79EFBC}") = "SimpleChatWithOpenAI", "Chapter99\SimpleChatWithOpenAI\SimpleChatWithOpenAI.csproj", "{902C0FDD-DA55-409E-87E1-48D52C354DDE}"
EndProject
Project("{FAE04EC0-301F-11D3-BF4B-00C04F79EFBC}") = "CryptographyLib", "Chapter08\CryptographyLib\CryptographyLib.csproj", "{647C7095-E684-4399-B062-0DCB7BD27C23}"
EndProject
Project("{FAE04EC0-301F-11D3-BF4B-00C04F79EFBC}") = "HashingApp", "Chapter08\HashingApp\HashingApp.csproj", "{E904247F-D807-4241-A5BA-D460A764D8CD}"
EndProject
Project("{FAE04EC0-301F-11D3-BF4B-00C04F79EFBC}") = "SigningApp", "Chapter08\SigningApp\SigningApp.csproj", "{D885658D-CDDA-4E83-95FA-BD160AB73DB5}"
EndProject
Global
	GlobalSection(SolutionConfigurationPlatforms) = preSolution
		Debug|Any CPU = Debug|Any CPU
		Release|Any CPU = Release|Any CPU
	EndGlobalSection
	GlobalSection(ProjectConfigurationPlatforms) = postSolution
		{E6D1EB7C-1B0C-44E8-B3B1-1606C5F3A33A}.Debug|Any CPU.ActiveCfg = Debug|Any CPU
		{E6D1EB7C-1B0C-44E8-B3B1-1606C5F3A33A}.Debug|Any CPU.Build.0 = Debug|Any CPU
		{E6D1EB7C-1B0C-44E8-B3B1-1606C5F3A33A}.Release|Any CPU.ActiveCfg = Release|Any CPU
		{E6D1EB7C-1B0C-44E8-B3B1-1606C5F3A33A}.Release|Any CPU.Build.0 = Release|Any CPU
		{111B1871-B4C4-4DA3-8D97-A787150A284C}.Debug|Any CPU.ActiveCfg = Debug|Any CPU
		{111B1871-B4C4-4DA3-8D97-A787150A284C}.Debug|Any CPU.Build.0 = Debug|Any CPU
		{111B1871-B4C4-4DA3-8D97-A787150A284C}.Release|Any CPU.ActiveCfg = Release|Any CPU
		{111B1871-B4C4-4DA3-8D97-A787150A284C}.Release|Any CPU.Build.0 = Release|Any CPU
		{F50133F6-2192-4600-8FA5-D0B0C9A60B00}.Debug|Any CPU.ActiveCfg = Debug|Any CPU
		{F50133F6-2192-4600-8FA5-D0B0C9A60B00}.Debug|Any CPU.Build.0 = Debug|Any CPU
		{F50133F6-2192-4600-8FA5-D0B0C9A60B00}.Release|Any CPU.ActiveCfg = Release|Any CPU
		{F50133F6-2192-4600-8FA5-D0B0C9A60B00}.Release|Any CPU.Build.0 = Release|Any CPU
		{8FFC3916-CDF4-44E0-9F49-A58945F1DDB5}.Debug|Any CPU.ActiveCfg = Debug|Any CPU
		{8FFC3916-CDF4-44E0-9F49-A58945F1DDB5}.Debug|Any CPU.Build.0 = Debug|Any CPU
		{8FFC3916-CDF4-44E0-9F49-A58945F1DDB5}.Release|Any CPU.ActiveCfg = Release|Any CPU
		{8FFC3916-CDF4-44E0-9F49-A58945F1DDB5}.Release|Any CPU.Build.0 = Release|Any CPU
		{C2960CF9-745C-4C56-98ED-E7BB39EA8543}.Debug|Any CPU.ActiveCfg = Debug|Any CPU
		{C2960CF9-745C-4C56-98ED-E7BB39EA8543}.Debug|Any CPU.Build.0 = Debug|Any CPU
		{C2960CF9-745C-4C56-98ED-E7BB39EA8543}.Release|Any CPU.ActiveCfg = Release|Any CPU
		{C2960CF9-745C-4C56-98ED-E7BB39EA8543}.Release|Any CPU.Build.0 = Release|Any CPU
		{AD41BFF2-827F-4D71-9B1C-32829699BB06}.Debug|Any CPU.ActiveCfg = Debug|Any CPU
		{AD41BFF2-827F-4D71-9B1C-32829699BB06}.Debug|Any CPU.Build.0 = Debug|Any CPU
		{AD41BFF2-827F-4D71-9B1C-32829699BB06}.Release|Any CPU.ActiveCfg = Release|Any CPU
		{AD41BFF2-827F-4D71-9B1C-32829699BB06}.Release|Any CPU.Build.0 = Release|Any CPU
		{7A79CD20-A1AD-4F0D-86B0-68AB15DAB09B}.Debug|Any CPU.ActiveCfg = Debug|Any CPU
		{7A79CD20-A1AD-4F0D-86B0-68AB15DAB09B}.Debug|Any CPU.Build.0 = Debug|Any CPU
		{7A79CD20-A1AD-4F0D-86B0-68AB15DAB09B}.Release|Any CPU.ActiveCfg = Release|Any CPU
		{7A79CD20-A1AD-4F0D-86B0-68AB15DAB09B}.Release|Any CPU.Build.0 = Release|Any CPU
		{6B9B6B1F-B897-47FF-A905-5792E2B75968}.Debug|Any CPU.ActiveCfg = Debug|Any CPU
										{6B9B6B1F-B897-47FF-A905-5792E2B75968}.Debug|Any CPU.Build.0 = Debug|Any CPU
										{6B9B6B1F-B897-47FF-A905-5792E2B75968}.Release|Any CPU.ActiveCfg = Release|Any CPU
										{6B9B6B1F-B897-47FF-A905-5792E2B75968}.Release|Any CPU.Build.0 = Release|Any CPU
		{1B655116-1984-41D0-A7FD-7E3911D98E63}.Debug|Any CPU.ActiveCfg = Debug|Any CPU
		{1B655116-1984-41D0-A7FD-7E3911D98E63}.Debug|Any CPU.Build.0 = Debug|Any CPU
		{1B655116-1984-41D0-A7FD-7E3911D98E63}.Release|Any CPU.ActiveCfg = Release|Any CPU
		{1B655116-1984-41D0-A7FD-7E3911D98E63}.Release|Any CPU.Build.0 = Release|Any CPU
		{E7C1E81C-6D24-4510-B463-CD5C4AD1AE93}.Debug|Any CPU.ActiveCfg = Debug|Any CPU
		{E7C1E81C-6D24-4510-B463-CD5C4AD1AE93}.Debug|Any CPU.Build.0 = Debug|Any CPU
		{E7C1E81C-6D24-4510-B463-CD5C4AD1AE93}.Release|Any CPU.ActiveCfg = Release|Any CPU
		{E7C1E81C-6D24-4510-B463-CD5C4AD1AE93}.Release|Any CPU.Build.0 = Release|Any CPU
		{C6C7A3BE-B101-427C-B99B-7DF27420A22D}.Debug|Any CPU.ActiveCfg = Debug|Any CPU
		{C6C7A3BE-B101-427C-B99B-7DF27420A22D}.Debug|Any CPU.Build.0 = Debug|Any CPU
		{C6C7A3BE-B101-427C-B99B-7DF27420A22D}.Release|Any CPU.ActiveCfg = Release|Any CPU
		{C6C7A3BE-B101-427C-B99B-7DF27420A22D}.Release|Any CPU.Build.0 = Release|Any CPU
		{7535509B-1608-48C5-B21A-E3E938584AC5}.Debug|Any CPU.ActiveCfg = Debug|Any CPU
		{7535509B-1608-48C5-B21A-E3E938584AC5}.Debug|Any CPU.Build.0 = Debug|Any CPU
		{7535509B-1608-48C5-B21A-E3E938584AC5}.Release|Any CPU.ActiveCfg = Release|Any CPU
		{7535509B-1608-48C5-B21A-E3E938584AC5}.Release|Any CPU.Build.0 = Release|Any CPU
		{76BEA33A-0FA8-429C-991A-68A63B04A00D}.Debug|Any CPU.ActiveCfg = Debug|Any CPU
		{76BEA33A-0FA8-429C-991A-68A63B04A00D}.Debug|Any CPU.Build.0 = Debug|Any CPU
		{76BEA33A-0FA8-429C-991A-68A63B04A00D}.Release|Any CPU.ActiveCfg = Release|Any CPU
		{76BEA33A-0FA8-429C-991A-68A63B04A00D}.Release|Any CPU.Build.0 = Release|Any CPU
		{8454D2AC-6E4D-4D16-B3E7-5E5536D51EDA}.Debug|Any CPU.ActiveCfg = Debug|Any CPU
		{8454D2AC-6E4D-4D16-B3E7-5E5536D51EDA}.Debug|Any CPU.Build.0 = Debug|Any CPU
		{8454D2AC-6E4D-4D16-B3E7-5E5536D51EDA}.Release|Any CPU.ActiveCfg = Release|Any CPU
		{8454D2AC-6E4D-4D16-B3E7-5E5536D51EDA}.Release|Any CPU.Build.0 = Release|Any CPU
		{6E2AF4F4-A65B-4EF9-AAB9-AB7A25FC7F8C}.Debug|Any CPU.ActiveCfg = Debug|Any CPU
		{6E2AF4F4-A65B-4EF9-AAB9-AB7A25FC7F8C}.Debug|Any CPU.Build.0 = Debug|Any CPU
		{6E2AF4F4-A65B-4EF9-AAB9-AB7A25FC7F8C}.Release|Any CPU.ActiveCfg = Release|Any CPU
		{6E2AF4F4-A65B-4EF9-AAB9-AB7A25FC7F8C}.Release|Any CPU.Build.0 = Release|Any CPU
		{D220169A-C94F-4C34-B6E4-6E8EC74597B8}.Debug|Any CPU.ActiveCfg = Debug|Any CPU
		{D220169A-C94F-4C34-B6E4-6E8EC74597B8}.Debug|Any CPU.Build.0 = Debug|Any CPU
		{D220169A-C94F-4C34-B6E4-6E8EC74597B8}.Release|Any CPU.ActiveCfg = Release|Any CPU
		{D220169A-C94F-4C34-B6E4-6E8EC74597B8}.Release|Any CPU.Build.0 = Release|Any CPU
		{AA00C284-BC13-4B12-81E1-528AD15ABB35}.Debug|Any CPU.ActiveCfg = Debug|Any CPU
		{AA00C284-BC13-4B12-81E1-528AD15ABB35}.Debug|Any CPU.Build.0 = Debug|Any CPU
		{AA00C284-BC13-4B12-81E1-528AD15ABB35}.Release|Any CPU.ActiveCfg = Release|Any CPU
		{AA00C284-BC13-4B12-81E1-528AD15ABB35}.Release|Any CPU.Build.0 = Release|Any CPU
		{8F8E8468-07FC-443C-9931-2A0F62AC7CFD}.Debug|Any CPU.ActiveCfg = Debug|Any CPU
		{8F8E8468-07FC-443C-9931-2A0F62AC7CFD}.Debug|Any CPU.Build.0 = Debug|Any CPU
		{8F8E8468-07FC-443C-9931-2A0F62AC7CFD}.Release|Any CPU.ActiveCfg = Release|Any CPU
		{8F8E8468-07FC-443C-9931-2A0F62AC7CFD}.Release|Any CPU.Build.0 = Release|Any CPU
		{C0AFA351-D2B1-45AE-912E-55405148F793}.Debug|Any CPU.ActiveCfg = Debug|Any CPU
		{C0AFA351-D2B1-45AE-912E-55405148F793}.Debug|Any CPU.Build.0 = Debug|Any CPU
		{C0AFA351-D2B1-45AE-912E-55405148F793}.Release|Any CPU.ActiveCfg = Release|Any CPU
		{C0AFA351-D2B1-45AE-912E-55405148F793}.Release|Any CPU.Build.0 = Release|Any CPU
		{BAB1460A-C9B5-4F37-852D-6295AE434613}.Debug|Any CPU.ActiveCfg = Debug|Any CPU
		{BAB1460A-C9B5-4F37-852D-6295AE434613}.Debug|Any CPU.Build.0 = Debug|Any CPU
		{BAB1460A-C9B5-4F37-852D-6295AE434613}.Release|Any CPU.ActiveCfg = Release|Any CPU
		{BAB1460A-C9B5-4F37-852D-6295AE434613}.Release|Any CPU.Build.0 = Release|Any CPU
		{4B6E7A15-F4B4-4FCE-A91A-96D47D011388}.Debug|Any CPU.ActiveCfg = Debug|Any CPU
		{4B6E7A15-F4B4-4FCE-A91A-96D47D011388}.Debug|Any CPU.Build.0 = Debug|Any CPU
		{4B6E7A15-F4B4-4FCE-A91A-96D47D011388}.Release|Any CPU.ActiveCfg = Release|Any CPU
		{4B6E7A15-F4B4-4FCE-A91A-96D47D011388}.Release|Any CPU.Build.0 = Release|Any CPU
		{A54AE5EA-E09C-4D2E-BB36-48757FA93702}.Debug|Any CPU.ActiveCfg = Debug|Any CPU
		{A54AE5EA-E09C-4D2E-BB36-48757FA93702}.Debug|Any CPU.Build.0 = Debug|Any CPU
		{A54AE5EA-E09C-4D2E-BB36-48757FA93702}.Release|Any CPU.ActiveCfg = Release|Any CPU
		{A54AE5EA-E09C-4D2E-BB36-48757FA93702}.Release|Any CPU.Build.0 = Release|Any CPU
		{CC988124-5861-46A8-AEB5-8D591FDE2FE6}.Debug|Any CPU.ActiveCfg = Debug|Any CPU
		{CC988124-5861-46A8-AEB5-8D591FDE2FE6}.Debug|Any CPU.Build.0 = Debug|Any CPU
		{CC988124-5861-46A8-AEB5-8D591FDE2FE6}.Release|Any CPU.ActiveCfg = Release|Any CPU
		{CC988124-5861-46A8-AEB5-8D591FDE2FE6}.Release|Any CPU.Build.0 = Release|Any CPU
		{295CB089-916E-46DC-A4B4-3FA3BB1FF731}.Debug|Any CPU.ActiveCfg = Debug|Any CPU
		{295CB089-916E-46DC-A4B4-3FA3BB1FF731}.Debug|Any CPU.Build.0 = Debug|Any CPU
		{295CB089-916E-46DC-A4B4-3FA3BB1FF731}.Release|Any CPU.ActiveCfg = Release|Any CPU
		{295CB089-916E-46DC-A4B4-3FA3BB1FF731}.Release|Any CPU.Build.0 = Release|Any CPU
		{B4AFBF8D-FA78-446B-9808-94F218CBC203}.Debug|Any CPU.ActiveCfg = Debug|Any CPU
		{B4AFBF8D-FA78-446B-9808-94F218CBC203}.Debug|Any CPU.Build.0 = Debug|Any CPU
		{B4AFBF8D-FA78-446B-9808-94F218CBC203}.Release|Any CPU.ActiveCfg = Release|Any CPU
		{B4AFBF8D-FA78-446B-9808-94F218CBC203}.Release|Any CPU.Build.0 = Release|Any CPU
		{CD9406C7-CD5C-4009-AA95-70D1B72517BC}.Debug|Any CPU.ActiveCfg = Debug|Any CPU
		{CD9406C7-CD5C-4009-AA95-70D1B72517BC}.Debug|Any CPU.Build.0 = Debug|Any CPU
		{CD9406C7-CD5C-4009-AA95-70D1B72517BC}.Release|Any CPU.ActiveCfg = Release|Any CPU
		{CD9406C7-CD5C-4009-AA95-70D1B72517BC}.Release|Any CPU.Build.0 = Release|Any CPU
		{4477E646-9763-459C-BFE1-E993744DD798}.Debug|Any CPU.ActiveCfg = Debug|Any CPU
		{4477E646-9763-459C-BFE1-E993744DD798}.Debug|Any CPU.Build.0 = Debug|Any CPU
		{4477E646-9763-459C-BFE1-E993744DD798}.Release|Any CPU.ActiveCfg = Release|Any CPU
		{4477E646-9763-459C-BFE1-E993744DD798}.Release|Any CPU.Build.0 = Release|Any CPU
		{AEB3B582-10EB-4444-90C2-5F1367265D7C}.Debug|Any CPU.ActiveCfg = Debug|Any CPU
		{AEB3B582-10EB-4444-90C2-5F1367265D7C}.Debug|Any CPU.Build.0 = Debug|Any CPU
		{AEB3B582-10EB-4444-90C2-5F1367265D7C}.Release|Any CPU.ActiveCfg = Release|Any CPU
		{AEB3B582-10EB-4444-90C2-5F1367265D7C}.Release|Any CPU.Build.0 = Release|Any CPU
		{0B408AE2-16B5-4D98-A3C9-5689C1C00744}.Debug|Any CPU.ActiveCfg = Debug|Any CPU
		{0B408AE2-16B5-4D98-A3C9-5689C1C00744}.Debug|Any CPU.Build.0 = Debug|Any CPU
		{0B408AE2-16B5-4D98-A3C9-5689C1C00744}.Release|Any CPU.ActiveCfg = Release|Any CPU
		{0B408AE2-16B5-4D98-A3C9-5689C1C00744}.Release|Any CPU.Build.0 = Release|Any CPU
		{78574C37-2509-4C85-BD3F-9BAF85AEF449}.Debug|Any CPU.ActiveCfg = Debug|Any CPU
		{78574C37-2509-4C85-BD3F-9BAF85AEF449}.Debug|Any CPU.Build.0 = Debug|Any CPU
		{78574C37-2509-4C85-BD3F-9BAF85AEF449}.Release|Any CPU.ActiveCfg = Release|Any CPU
		{78574C37-2509-4C85-BD3F-9BAF85AEF449}.Release|Any CPU.Build.0 = Release|Any CPU
		{714E93ED-CA44-4CB4-92F7-A1E6F39CB49B}.Debug|Any CPU.ActiveCfg = Debug|Any CPU
		{714E93ED-CA44-4CB4-92F7-A1E6F39CB49B}.Debug|Any CPU.Build.0 = Debug|Any CPU
		{714E93ED-CA44-4CB4-92F7-A1E6F39CB49B}.Release|Any CPU.ActiveCfg = Release|Any CPU
		{714E93ED-CA44-4CB4-92F7-A1E6F39CB49B}.Release|Any CPU.Build.0 = Release|Any CPU
		{F8E5048A-B56E-4F21-8263-A7DF3AA90E50}.Debug|Any CPU.ActiveCfg = Debug|Any CPU
		{F8E5048A-B56E-4F21-8263-A7DF3AA90E50}.Debug|Any CPU.Build.0 = Debug|Any CPU
		{F8E5048A-B56E-4F21-8263-A7DF3AA90E50}.Release|Any CPU.ActiveCfg = Release|Any CPU
		{F8E5048A-B56E-4F21-8263-A7DF3AA90E50}.Release|Any CPU.Build.0 = Release|Any CPU
		{329F8C07-E096-43DA-B671-13A0A81EE27A}.Debug|Any CPU.ActiveCfg = Debug|Any CPU
		{329F8C07-E096-43DA-B671-13A0A81EE27A}.Debug|Any CPU.Build.0 = Debug|Any CPU
		{329F8C07-E096-43DA-B671-13A0A81EE27A}.Release|Any CPU.ActiveCfg = Release|Any CPU
		{329F8C07-E096-43DA-B671-13A0A81EE27A}.Release|Any CPU.Build.0 = Release|Any CPU
		{240AE0DA-35A0-426E-9525-E47CE3516783}.Debug|Any CPU.ActiveCfg = Debug|Any CPU
		{240AE0DA-35A0-426E-9525-E47CE3516783}.Debug|Any CPU.Build.0 = Debug|Any CPU
		{240AE0DA-35A0-426E-9525-E47CE3516783}.Release|Any CPU.ActiveCfg = Release|Any CPU
		{240AE0DA-35A0-426E-9525-E47CE3516783}.Release|Any CPU.Build.0 = Release|Any CPU
		{B31609C0-3241-4143-8E86-68C3AFF6DC06}.Debug|Any CPU.ActiveCfg = Debug|Any CPU
		{B31609C0-3241-4143-8E86-68C3AFF6DC06}.Debug|Any CPU.Build.0 = Debug|Any CPU
		{B31609C0-3241-4143-8E86-68C3AFF6DC06}.Release|Any CPU.ActiveCfg = Release|Any CPU
		{B31609C0-3241-4143-8E86-68C3AFF6DC06}.Release|Any CPU.Build.0 = Release|Any CPU
		{41595B39-E7FB-4434-9EDC-83DD0E201354}.Debug|Any CPU.ActiveCfg = Debug|Any CPU
		{41595B39-E7FB-4434-9EDC-83DD0E201354}.Debug|Any CPU.Build.0 = Debug|Any CPU
		{41595B39-E7FB-4434-9EDC-83DD0E201354}.Release|Any CPU.ActiveCfg = Release|Any CPU
		{41595B39-E7FB-4434-9EDC-83DD0E201354}.Release|Any CPU.Build.0 = Release|Any CPU
		{BA50C10E-0535-4C71-8A31-433602CCC17F}.Debug|Any CPU.ActiveCfg = Debug|Any CPU
		{BA50C10E-0535-4C71-8A31-433602CCC17F}.Debug|Any CPU.Build.0 = Debug|Any CPU
		{BA50C10E-0535-4C71-8A31-433602CCC17F}.Release|Any CPU.ActiveCfg = Release|Any CPU
		{BA50C10E-0535-4C71-8A31-433602CCC17F}.Release|Any CPU.Build.0 = Release|Any CPU
		{86B8EE8B-593C-4440-A7F0-FE3306910787}.Debug|Any CPU.ActiveCfg = Debug|Any CPU
		{86B8EE8B-593C-4440-A7F0-FE3306910787}.Debug|Any CPU.Build.0 = Debug|Any CPU
		{86B8EE8B-593C-4440-A7F0-FE3306910787}.Release|Any CPU.ActiveCfg = Release|Any CPU
		{86B8EE8B-593C-4440-A7F0-FE3306910787}.Release|Any CPU.Build.0 = Release|Any CPU
		{222193C5-4467-4F2A-B3BF-C617D154D7BC}.Debug|Any CPU.ActiveCfg = Debug|Any CPU
		{222193C5-4467-4F2A-B3BF-C617D154D7BC}.Debug|Any CPU.Build.0 = Debug|Any CPU
		{222193C5-4467-4F2A-B3BF-C617D154D7BC}.Release|Any CPU.ActiveCfg = Release|Any CPU
		{222193C5-4467-4F2A-B3BF-C617D154D7BC}.Release|Any CPU.Build.0 = Release|Any CPU
		{902C0FDD-DA55-409E-87E1-48D52C354DDE}.Debug|Any CPU.ActiveCfg = Debug|Any CPU
		{902C0FDD-DA55-409E-87E1-48D52C354DDE}.Debug|Any CPU.Build.0 = Debug|Any CPU
		{902C0FDD-DA55-409E-87E1-48D52C354DDE}.Release|Any CPU.ActiveCfg = Release|Any CPU
		{902C0FDD-DA55-409E-87E1-48D52C354DDE}.Release|Any CPU.Build.0 = Release|Any CPU
		{647C7095-E684-4399-B062-0DCB7BD27C23}.Debug|Any CPU.ActiveCfg = Debug|Any CPU
		{647C7095-E684-4399-B062-0DCB7BD27C23}.Debug|Any CPU.Build.0 = Debug|Any CPU
		{647C7095-E684-4399-B062-0DCB7BD27C23}.Release|Any CPU.ActiveCfg = Release|Any CPU
		{647C7095-E684-4399-B062-0DCB7BD27C23}.Release|Any CPU.Build.0 = Release|Any CPU
		{E904247F-D807-4241-A5BA-D460A764D8CD}.Debug|Any CPU.ActiveCfg = Debug|Any CPU
		{E904247F-D807-4241-A5BA-D460A764D8CD}.Debug|Any CPU.Build.0 = Debug|Any CPU
		{E904247F-D807-4241-A5BA-D460A764D8CD}.Release|Any CPU.ActiveCfg = Release|Any CPU
		{E904247F-D807-4241-A5BA-D460A764D8CD}.Release|Any CPU.Build.0 = Release|Any CPU
		{D885658D-CDDA-4E83-95FA-BD160AB73DB5}.Debug|Any CPU.ActiveCfg = Debug|Any CPU
		{D885658D-CDDA-4E83-95FA-BD160AB73DB5}.Debug|Any CPU.Build.0 = Debug|Any CPU
		{D885658D-CDDA-4E83-95FA-BD160AB73DB5}.Release|Any CPU.ActiveCfg = Release|Any CPU
		{D885658D-CDDA-4E83-95FA-BD160AB73DB5}.Release|Any CPU.Build.0 = Release|Any CPU
	EndGlobalSection
	GlobalSection(NestedProjects) = preSolution
		{8FFC3916-CDF4-44E0-9F49-A58945F1DDB5} = {220083C8-CB47-4E28-B721-C69A659269D8}
		{111B1871-B4C4-4DA3-8D97-A787150A284C} = {220083C8-CB47-4E28-B721-C69A659269D8}
		{F50133F6-2192-4600-8FA5-D0B0C9A60B00} = {220083C8-CB47-4E28-B721-C69A659269D8}
		{E6D1EB7C-1B0C-44E8-B3B1-1606C5F3A33A} = {DF964075-E416-45CA-ACE1-1ADB0E90961D}
		{C2960CF9-745C-4C56-98ED-E7BB39EA8543} = {220083C8-CB47-4E28-B721-C69A659269D8}
		{AD41BFF2-827F-4D71-9B1C-32829699BB06} = {220083C8-CB47-4E28-B721-C69A659269D8}
		{7A79CD20-A1AD-4F0D-86B0-68AB15DAB09B} = {220083C8-CB47-4E28-B721-C69A659269D8}
		{6B9B6B1F-B897-47FF-A905-5792E2B75968} = {87DC2743-0CFF-4C4E-919C-D162ED855A12}
		{1B655116-1984-41D0-A7FD-7E3911D98E63} = {4D36A84C-367F-4BAF-91DA-9B09F6D0A1D0}
		{E7C1E81C-6D24-4510-B463-CD5C4AD1AE93} = {4D36A84C-367F-4BAF-91DA-9B09F6D0A1D0}
		{C6C7A3BE-B101-427C-B99B-7DF27420A22D} = {4D36A84C-367F-4BAF-91DA-9B09F6D0A1D0}
		{7535509B-1608-48C5-B21A-E3E938584AC5} = {4D36A84C-367F-4BAF-91DA-9B09F6D0A1D0}
		{76BEA33A-0FA8-429C-991A-68A63B04A00D} = {66EBB4C6-1E9E-4BBD-8A8D-639B0D32F029}
		{8454D2AC-6E4D-4D16-B3E7-5E5536D51EDA} = {66EBB4C6-1E9E-4BBD-8A8D-639B0D32F029}
		{6E2AF4F4-A65B-4EF9-AAB9-AB7A25FC7F8C} = {66EBB4C6-1E9E-4BBD-8A8D-639B0D32F029}
		{D220169A-C94F-4C34-B6E4-6E8EC74597B8} = {66EBB4C6-1E9E-4BBD-8A8D-639B0D32F029}
		{AA00C284-BC13-4B12-81E1-528AD15ABB35} = {4D36A84C-367F-4BAF-91DA-9B09F6D0A1D0}
		{8F8E8468-07FC-443C-9931-2A0F62AC7CFD} = {4D36A84C-367F-4BAF-91DA-9B09F6D0A1D0}
		{C0AFA351-D2B1-45AE-912E-55405148F793} = {4D36A84C-367F-4BAF-91DA-9B09F6D0A1D0}
		{BAB1460A-C9B5-4F37-852D-6295AE434613} = {4D36A84C-367F-4BAF-91DA-9B09F6D0A1D0}
		{4B6E7A15-F4B4-4FCE-A91A-96D47D011388} = {66EBB4C6-1E9E-4BBD-8A8D-639B0D32F029}
		{A54AE5EA-E09C-4D2E-BB36-48757FA93702} = {66EBB4C6-1E9E-4BBD-8A8D-639B0D32F029}
		{CC988124-5861-46A8-AEB5-8D591FDE2FE6} = {66EBB4C6-1E9E-4BBD-8A8D-639B0D32F029}
		{295CB089-916E-46DC-A4B4-3FA3BB1FF731} = {66EBB4C6-1E9E-4BBD-8A8D-639B0D32F029}
		{B4AFBF8D-FA78-446B-9808-94F218CBC203} = {66EBB4C6-1E9E-4BBD-8A8D-639B0D32F029}
		{CD9406C7-CD5C-4009-AA95-70D1B72517BC} = {66EBB4C6-1E9E-4BBD-8A8D-639B0D32F029}
		{4477E646-9763-459C-BFE1-E993744DD798} = {66EBB4C6-1E9E-4BBD-8A8D-639B0D32F029}
		{AEB3B582-10EB-4444-90C2-5F1367265D7C} = {66EBB4C6-1E9E-4BBD-8A8D-639B0D32F029}
		{0B408AE2-16B5-4D98-A3C9-5689C1C00744} = {66EBB4C6-1E9E-4BBD-8A8D-639B0D32F029}
		{78574C37-2509-4C85-BD3F-9BAF85AEF449} = {7D00AACF-CF67-4A65-83C4-0646E67D7562}
		{714E93ED-CA44-4CB4-92F7-A1E6F39CB49B} = {44AEAA0A-A95C-41C3-8CE2-574CDE1486AC}
		{F8E5048A-B56E-4F21-8263-A7DF3AA90E50} = {44AEAA0A-A95C-41C3-8CE2-574CDE1486AC}
		{329F8C07-E096-43DA-B671-13A0A81EE27A} = {44AEAA0A-A95C-41C3-8CE2-574CDE1486AC}
		{240AE0DA-35A0-426E-9525-E47CE3516783} = {7D00AACF-CF67-4A65-83C4-0646E67D7562}
		{B31609C0-3241-4143-8E86-68C3AFF6DC06} = {7D00AACF-CF67-4A65-83C4-0646E67D7562}
		{41595B39-E7FB-4434-9EDC-83DD0E201354} = {7D00AACF-CF67-4A65-83C4-0646E67D7562}
		{BA50C10E-0535-4C71-8A31-433602CCC17F} = {7D00AACF-CF67-4A65-83C4-0646E67D7562}
		{86B8EE8B-593C-4440-A7F0-FE3306910787} = {7D00AACF-CF67-4A65-83C4-0646E67D7562}
		{222193C5-4467-4F2A-B3BF-C617D154D7BC} = {AB4309EE-CE93-444C-B414-8F8E8C0F5DAF}
		{902C0FDD-DA55-409E-87E1-48D52C354DDE} = {645A1C53-D62B-4918-99A4-A856ECB90FAE}
		{647C7095-E684-4399-B062-0DCB7BD27C23} = {AB4309EE-CE93-444C-B414-8F8E8C0F5DAF}
		{E904247F-D807-4241-A5BA-D460A764D8CD} = {AB4309EE-CE93-444C-B414-8F8E8C0F5DAF}
		{D885658D-CDDA-4E83-95FA-BD160AB73DB5} = {AB4309EE-CE93-444C-B414-8F8E8C0F5DAF}
	EndGlobalSection
EndGlobal
